// !$*UTF8*$!
{
	archiveVersion = 1;
	classes = {
	};
	objectVersion = 48;
	objects = {

/* Begin PBXBuildFile section */
		8183873A1FAF99300096A7A9 /* AppDelegate.m in Sources */ = {isa = PBXBuildFile; fileRef = 818387391FAF99300096A7A9 /* AppDelegate.m */; };
		8183873C1FAF99300096A7A9 /* art.scnassets in Resources */ = {isa = PBXBuildFile; fileRef = 8183873B1FAF99300096A7A9 /* art.scnassets */; };
		8183873F1FAF99300096A7A9 /* ViewController.m in Sources */ = {isa = PBXBuildFile; fileRef = 8183873E1FAF99300096A7A9 /* ViewController.m */; };
		818387421FAF99300096A7A9 /* Main.storyboard in Resources */ = {isa = PBXBuildFile; fileRef = 818387401FAF99300096A7A9 /* Main.storyboard */; };
		818387441FAF99300096A7A9 /* Assets.xcassets in Resources */ = {isa = PBXBuildFile; fileRef = 818387431FAF99300096A7A9 /* Assets.xcassets */; };
		818387471FAF99300096A7A9 /* LaunchScreen.storyboard in Resources */ = {isa = PBXBuildFile; fileRef = 818387451FAF99300096A7A9 /* LaunchScreen.storyboard */; };
		8183874A1FAF99300096A7A9 /* main.m in Sources */ = {isa = PBXBuildFile; fileRef = 818387491FAF99300096A7A9 /* main.m */; };
		818387541FAF99300096A7A9 /* testTests.m in Sources */ = {isa = PBXBuildFile; fileRef = 818387531FAF99300096A7A9 /* testTests.m */; };
		8183875F1FAF99300096A7A9 /* testUITests.m in Sources */ = {isa = PBXBuildFile; fileRef = 8183875E1FAF99300096A7A9 /* testUITests.m */; };
/* End PBXBuildFile section */

/* Begin PBXContainerItemProxy section */
		818387501FAF99300096A7A9 /* PBXContainerItemProxy */ = {
			isa = PBXContainerItemProxy;
			containerPortal = 8183872D1FAF99300096A7A9 /* Project object */;
			proxyType = 1;
			remoteGlobalIDString = 818387341FAF99300096A7A9;
			remoteInfo = test;
		};
		8183875B1FAF99300096A7A9 /* PBXContainerItemProxy */ = {
			isa = PBXContainerItemProxy;
			containerPortal = 8183872D1FAF99300096A7A9 /* Project object */;
			proxyType = 1;
			remoteGlobalIDString = 818387341FAF99300096A7A9;
			remoteInfo = test;
		};
/* End PBXContainerItemProxy section */

/* Begin PBXFileReference section */
		818387351FAF99300096A7A9 /* test.app */ = {isa = PBXFileReference; explicitFileType = wrapper.application; includeInIndex = 0; path = test.app; sourceTree = BUILT_PRODUCTS_DIR; };
		818387381FAF99300096A7A9 /* AppDelegate.h */ = {isa = PBXFileReference; lastKnownFileType = sourcecode.c.h; path = AppDelegate.h; sourceTree = "<group>"; };
		818387391FAF99300096A7A9 /* AppDelegate.m */ = {isa = PBXFileReference; lastKnownFileType = sourcecode.c.objc; path = AppDelegate.m; sourceTree = "<group>"; };
		8183873B1FAF99300096A7A9 /* art.scnassets */ = {isa = PBXFileReference; lastKnownFileType = wrapper.scnassets; path = art.scnassets; sourceTree = "<group>"; };
		8183873D1FAF99300096A7A9 /* ViewController.h */ = {isa = PBXFileReference; lastKnownFileType = sourcecode.c.h; path = ViewController.h; sourceTree = "<group>"; };
		8183873E1FAF99300096A7A9 /* ViewController.m */ = {isa = PBXFileReference; lastKnownFileType = sourcecode.c.objc; path = ViewController.m; sourceTree = "<group>"; };
		818387411FAF99300096A7A9 /* Base */ = {isa = PBXFileReference; lastKnownFileType = file.storyboard; name = Base; path = Base.lproj/Main.storyboard; sourceTree = "<group>"; };
		818387431FAF99300096A7A9 /* Assets.xcassets */ = {isa = PBXFileReference; lastKnownFileType = folder.assetcatalog; path = Assets.xcassets; sourceTree = "<group>"; };
		818387461FAF99300096A7A9 /* Base */ = {isa = PBXFileReference; lastKnownFileType = file.storyboard; name = Base; path = Base.lproj/LaunchScreen.storyboard; sourceTree = "<group>"; };
		818387481FAF99300096A7A9 /* Info.plist */ = {isa = PBXFileReference; lastKnownFileType = text.plist.xml; path = Info.plist; sourceTree = "<group>"; };
		818387491FAF99300096A7A9 /* main.m */ = {isa = PBXFileReference; lastKnownFileType = sourcecode.c.objc; path = main.m; sourceTree = "<group>"; };
		8183874F1FAF99300096A7A9 /* testTests.xctest */ = {isa = PBXFileReference; explicitFileType = wrapper.cfbundle; includeInIndex = 0; path = testTests.xctest; sourceTree = BUILT_PRODUCTS_DIR; };
		818387531FAF99300096A7A9 /* testTests.m */ = {isa = PBXFileReference; lastKnownFileType = sourcecode.c.objc; path = testTests.m; sourceTree = "<group>"; };
		818387551FAF99300096A7A9 /* Info.plist */ = {isa = PBXFileReference; lastKnownFileType = text.plist.xml; path = Info.plist; sourceTree = "<group>"; };
		8183875A1FAF99300096A7A9 /* testUITests.xctest */ = {isa = PBXFileReference; explicitFileType = wrapper.cfbundle; includeInIndex = 0; path = testUITests.xctest; sourceTree = BUILT_PRODUCTS_DIR; };
		8183875E1FAF99300096A7A9 /* testUITests.m */ = {isa = PBXFileReference; lastKnownFileType = sourcecode.c.objc; path = testUITests.m; sourceTree = "<group>"; };
		818387601FAF99300096A7A9 /* Info.plist */ = {isa = PBXFileReference; lastKnownFileType = text.plist.xml; path = Info.plist; sourceTree = "<group>"; };
/* End PBXFileReference section */

/* Begin PBXFrameworksBuildPhase section */
		818387321FAF99300096A7A9 /* Frameworks */ = {
			isa = PBXFrameworksBuildPhase;
			buildActionMask = 2147483647;
			files = (
			);
			runOnlyForDeploymentPostprocessing = 0;
		};
		8183874C1FAF99300096A7A9 /* Frameworks */ = {
			isa = PBXFrameworksBuildPhase;
			buildActionMask = 2147483647;
			files = (
			);
			runOnlyForDeploymentPostprocessing = 0;
		};
		818387571FAF99300096A7A9 /* Frameworks */ = {
			isa = PBXFrameworksBuildPhase;
			buildActionMask = 2147483647;
			files = (
			);
			runOnlyForDeploymentPostprocessing = 0;
		};
/* End PBXFrameworksBuildPhase section */

/* Begin PBXGroup section */
		8183872C1FAF99300096A7A9 = {
			isa = PBXGroup;
			children = (
				818387371FAF99300096A7A9 /* test */,
				818387521FAF99300096A7A9 /* testTests */,
				8183875D1FAF99300096A7A9 /* testUITests */,
				818387361FAF99300096A7A9 /* Products */,
			);
			sourceTree = "<group>";
		};
		818387361FAF99300096A7A9 /* Products */ = {
			isa = PBXGroup;
			children = (
				818387351FAF99300096A7A9 /* test.app */,
				8183874F1FAF99300096A7A9 /* testTests.xctest */,
				8183875A1FAF99300096A7A9 /* testUITests.xctest */,
			);
			name = Products;
			sourceTree = "<group>";
		};
		818387371FAF99300096A7A9 /* test */ = {
			isa = PBXGroup;
			children = (
				818387381FAF99300096A7A9 /* AppDelegate.h */,
				818387391FAF99300096A7A9 /* AppDelegate.m */,
				8183873B1FAF99300096A7A9 /* art.scnassets */,
				8183873D1FAF99300096A7A9 /* ViewController.h */,
				8183873E1FAF99300096A7A9 /* ViewController.m */,
				818387401FAF99300096A7A9 /* Main.storyboard */,
				818387431FAF99300096A7A9 /* Assets.xcassets */,
				818387451FAF99300096A7A9 /* LaunchScreen.storyboard */,
				818387481FAF99300096A7A9 /* Info.plist */,
				818387491FAF99300096A7A9 /* main.m */,
			);
			path = test;
			sourceTree = "<group>";
		};
		818387521FAF99300096A7A9 /* testTests */ = {
			isa = PBXGroup;
			children = (
				818387531FAF99300096A7A9 /* testTests.m */,
				818387551FAF99300096A7A9 /* Info.plist */,
			);
			path = testTests;
			sourceTree = "<group>";
		};
		8183875D1FAF99300096A7A9 /* testUITests */ = {
			isa = PBXGroup;
			children = (
				8183875E1FAF99300096A7A9 /* testUITests.m */,
				818387601FAF99300096A7A9 /* Info.plist */,
			);
			path = testUITests;
			sourceTree = "<group>";
		};
/* End PBXGroup section */

/* Begin PBXNativeTarget section */
		818387341FAF99300096A7A9 /* test */ = {
			isa = PBXNativeTarget;
			buildConfigurationList = 818387631FAF99300096A7A9 /* Build configuration list for PBXNativeTarget "test" */;
			buildPhases = (
				818387311FAF99300096A7A9 /* Sources */,
				818387321FAF99300096A7A9 /* Frameworks */,
				818387331FAF99300096A7A9 /* Resources */,
			);
			buildRules = (
			);
			dependencies = (
			);
			name = test;
			productName = test;
			productReference = 818387351FAF99300096A7A9 /* test.app */;
			productType = "com.apple.product-type.application";
		};
		8183874E1FAF99300096A7A9 /* testTests */ = {
			isa = PBXNativeTarget;
			buildConfigurationList = 818387661FAF99300096A7A9 /* Build configuration list for PBXNativeTarget "testTests" */;
			buildPhases = (
				8183874B1FAF99300096A7A9 /* Sources */,
				8183874C1FAF99300096A7A9 /* Frameworks */,
				8183874D1FAF99300096A7A9 /* Resources */,
			);
			buildRules = (
			);
			dependencies = (
				818387511FAF99300096A7A9 /* PBXTargetDependency */,
			);
			name = testTests;
			productName = testTests;
			productReference = 8183874F1FAF99300096A7A9 /* testTests.xctest */;
			productType = "com.apple.product-type.bundle.unit-test";
		};
		818387591FAF99300096A7A9 /* testUITests */ = {
			isa = PBXNativeTarget;
			buildConfigurationList = 818387691FAF99300096A7A9 /* Build configuration list for PBXNativeTarget "testUITests" */;
			buildPhases = (
				818387561FAF99300096A7A9 /* Sources */,
				818387571FAF99300096A7A9 /* Frameworks */,
				818387581FAF99300096A7A9 /* Resources */,
			);
			buildRules = (
			);
			dependencies = (
				8183875C1FAF99300096A7A9 /* PBXTargetDependency */,
			);
			name = testUITests;
			productName = testUITests;
			productReference = 8183875A1FAF99300096A7A9 /* testUITests.xctest */;
			productType = "com.apple.product-type.bundle.ui-testing";
		};
/* End PBXNativeTarget section */

/* Begin PBXProject section */
		8183872D1FAF99300096A7A9 /* Project object */ = {
			isa = PBXProject;
			attributes = {
				LastUpgradeCheck = 0900;
				ORGANIZATIONNAME = FarsiForeplay;
				TargetAttributes = {
					818387341FAF99300096A7A9 = {
						CreatedOnToolsVersion = 9.0.1;
						ProvisioningStyle = Automatic;
					};
					8183874E1FAF99300096A7A9 = {
						CreatedOnToolsVersion = 9.0.1;
						ProvisioningStyle = Automatic;
						TestTargetID = 818387341FAF99300096A7A9;
					};
					818387591FAF99300096A7A9 = {
						CreatedOnToolsVersion = 9.0.1;
						ProvisioningStyle = Automatic;
						TestTargetID = 818387341FAF99300096A7A9;
					};
				};
			};
			buildConfigurationList = 818387301FAF99300096A7A9 /* Build configuration list for PBXProject "test" */;
			compatibilityVersion = "Xcode 8.0";
			developmentRegion = en;
			hasScannedForEncodings = 0;
			knownRegions = (
				en,
				Base,
			);
			mainGroup = 8183872C1FAF99300096A7A9;
			productRefGroup = 818387361FAF99300096A7A9 /* Products */;
			projectDirPath = "";
			projectRoot = "";
			targets = (
				818387341FAF99300096A7A9 /* test */,
				8183874E1FAF99300096A7A9 /* testTests */,
				818387591FAF99300096A7A9 /* testUITests */,
			);
		};
/* End PBXProject section */

/* Begin PBXResourcesBuildPhase section */
		818387331FAF99300096A7A9 /* Resources */ = {
			isa = PBXResourcesBuildPhase;
			buildActionMask = 2147483647;
			files = (
				8183873C1FAF99300096A7A9 /* art.scnassets in Resources */,
				818387471FAF99300096A7A9 /* LaunchScreen.storyboard in Resources */,
				818387441FAF99300096A7A9 /* Assets.xcassets in Resources */,
				818387421FAF99300096A7A9 /* Main.storyboard in Resources */,
			);
			runOnlyForDeploymentPostprocessing = 0;
		};
		8183874D1FAF99300096A7A9 /* Resources */ = {
			isa = PBXResourcesBuildPhase;
			buildActionMask = 2147483647;
			files = (
			);
			runOnlyForDeploymentPostprocessing = 0;
		};
		818387581FAF99300096A7A9 /* Resources */ = {
			isa = PBXResourcesBuildPhase;
			buildActionMask = 2147483647;
			files = (
			);
			runOnlyForDeploymentPostprocessing = 0;
		};
/* End PBXResourcesBuildPhase section */

/* Begin PBXSourcesBuildPhase section */
		818387311FAF99300096A7A9 /* Sources */ = {
			isa = PBXSourcesBuildPhase;
			buildActionMask = 2147483647;
			files = (
				8183873F1FAF99300096A7A9 /* ViewController.m in Sources */,
				8183874A1FAF99300096A7A9 /* main.m in Sources */,
				8183873A1FAF99300096A7A9 /* AppDelegate.m in Sources */,
			);
			runOnlyForDeploymentPostprocessing = 0;
		};
		8183874B1FAF99300096A7A9 /* Sources */ = {
			isa = PBXSourcesBuildPhase;
			buildActionMask = 2147483647;
			files = (
				818387541FAF99300096A7A9 /* testTests.m in Sources */,
			);
			runOnlyForDeploymentPostprocessing = 0;
		};
		818387561FAF99300096A7A9 /* Sources */ = {
			isa = PBXSourcesBuildPhase;
			buildActionMask = 2147483647;
			files = (
				8183875F1FAF99300096A7A9 /* testUITests.m in Sources */,
			);
			runOnlyForDeploymentPostprocessing = 0;
		};
/* End PBXSourcesBuildPhase section */

/* Begin PBXTargetDependency section */
		818387511FAF99300096A7A9 /* PBXTargetDependency */ = {
			isa = PBXTargetDependency;
			target = 818387341FAF99300096A7A9 /* test */;
			targetProxy = 818387501FAF99300096A7A9 /* PBXContainerItemProxy */;
		};
		8183875C1FAF99300096A7A9 /* PBXTargetDependency */ = {
			isa = PBXTargetDependency;
			target = 818387341FAF99300096A7A9 /* test */;
			targetProxy = 8183875B1FAF99300096A7A9 /* PBXContainerItemProxy */;
		};
/* End PBXTargetDependency section */

/* Begin PBXVariantGroup section */
		818387401FAF99300096A7A9 /* Main.storyboard */ = {
			isa = PBXVariantGroup;
			children = (
				818387411FAF99300096A7A9 /* Base */,
			);
			name = Main.storyboard;
			sourceTree = "<group>";
		};
		818387451FAF99300096A7A9 /* LaunchScreen.storyboard */ = {
			isa = PBXVariantGroup;
			children = (
				818387461FAF99300096A7A9 /* Base */,
			);
			name = LaunchScreen.storyboard;
			sourceTree = "<group>";
		};
/* End PBXVariantGroup section */

/* Begin XCBuildConfiguration section */
		818387611FAF99300096A7A9 /* Debug */ = {
			isa = XCBuildConfiguration;
			buildSettings = {
				ALWAYS_SEARCH_USER_PATHS = NO;
				CLANG_ANALYZER_NONNULL = YES;
				CLANG_ANALYZER_NUMBER_OBJECT_CONVERSION = YES_AGGRESSIVE;
				CLANG_CXX_LANGUAGE_STANDARD = "gnu++14";
				CLANG_CXX_LIBRARY = "libc++";
				CLANG_ENABLE_MODULES = YES;
				CLANG_ENABLE_OBJC_ARC = YES;
				CLANG_WARN_BLOCK_CAPTURE_AUTORELEASING = YES;
				CLANG_WARN_BOOL_CONVERSION = YES;
				CLANG_WARN_COMMA = YES;
				CLANG_WARN_CONSTANT_CONVERSION = YES;
				CLANG_WARN_DIRECT_OBJC_ISA_USAGE = YES_ERROR;
				CLANG_WARN_DOCUMENTATION_COMMENTS = YES;
				CLANG_WARN_EMPTY_BODY = YES;
				CLANG_WARN_ENUM_CONVERSION = YES;
				CLANG_WARN_INFINITE_RECURSION = YES;
				CLANG_WARN_INT_CONVERSION = YES;
				CLANG_WARN_NON_LITERAL_NULL_CONVERSION = YES;
				CLANG_WARN_OBJC_LITERAL_CONVERSION = YES;
				CLANG_WARN_OBJC_ROOT_CLASS = YES_ERROR;
				CLANG_WARN_RANGE_LOOP_ANALYSIS = YES;
				CLANG_WARN_STRICT_PROTOTYPES = YES;
				CLANG_WARN_SUSPICIOUS_MOVE = YES;
				CLANG_WARN_UNGUARDED_AVAILABILITY = YES_AGGRESSIVE;
				CLANG_WARN_UNREACHABLE_CODE = YES;
				CLANG_WARN__DUPLICATE_METHOD_MATCH = YES;
				CODE_SIGN_IDENTITY = "iPhone Developer";
				COPY_PHASE_STRIP = NO;
				DEBUG_INFORMATION_FORMAT = dwarf;
				ENABLE_STRICT_OBJC_MSGSEND = YES;
				ENABLE_TESTABILITY = YES;
				GCC_C_LANGUAGE_STANDARD = gnu11;
				GCC_DYNAMIC_NO_PIC = NO;
				GCC_NO_COMMON_BLOCKS = YES;
				GCC_OPTIMIZATION_LEVEL = 0;
				GCC_PREPROCESSOR_DEFINITIONS = (
					"DEBUG=1",
					"$(inherited)",
				);
				GCC_WARN_64_TO_32_BIT_CONVERSION = YES;
				GCC_WARN_ABOUT_RETURN_TYPE = YES_ERROR;
				GCC_WARN_UNDECLARED_SELECTOR = YES;
				GCC_WARN_UNINITIALIZED_AUTOS = YES_AGGRESSIVE;
				GCC_WARN_UNUSED_FUNCTION = YES;
				GCC_WARN_UNUSED_VARIABLE = YES;
				IPHONEOS_DEPLOYMENT_TARGET = 11.0;
				MTL_ENABLE_DEBUG_INFO = YES;
				ONLY_ACTIVE_ARCH = YES;
				SDKROOT = iphoneos;
			};
			name = Debug;
		};
		818387621FAF99300096A7A9 /* Release */ = {
			isa = XCBuildConfiguration;
			buildSettings = {
				ALWAYS_SEARCH_USER_PATHS = NO;
				CLANG_ANALYZER_NONNULL = YES;
				CLANG_ANALYZER_NUMBER_OBJECT_CONVERSION = YES_AGGRESSIVE;
				CLANG_CXX_LANGUAGE_STANDARD = "gnu++14";
				CLANG_CXX_LIBRARY = "libc++";
				CLANG_ENABLE_MODULES = YES;
				CLANG_ENABLE_OBJC_ARC = YES;
				CLANG_WARN_BLOCK_CAPTURE_AUTORELEASING = YES;
				CLANG_WARN_BOOL_CONVERSION = YES;
				CLANG_WARN_COMMA = YES;
				CLANG_WARN_CONSTANT_CONVERSION = YES;
				CLANG_WARN_DIRECT_OBJC_ISA_USAGE = YES_ERROR;
				CLANG_WARN_DOCUMENTATION_COMMENTS = YES;
				CLANG_WARN_EMPTY_BODY = YES;
				CLANG_WARN_ENUM_CONVERSION = YES;
				CLANG_WARN_INFINITE_RECURSION = YES;
				CLANG_WARN_INT_CONVERSION = YES;
				CLANG_WARN_NON_LITERAL_NULL_CONVERSION = YES;
				CLANG_WARN_OBJC_LITERAL_CONVERSION = YES;
				CLANG_WARN_OBJC_ROOT_CLASS = YES_ERROR;
				CLANG_WARN_RANGE_LOOP_ANALYSIS = YES;
				CLANG_WARN_STRICT_PROTOTYPES = YES;
				CLANG_WARN_SUSPICIOUS_MOVE = YES;
				CLANG_WARN_UNGUARDED_AVAILABILITY = YES_AGGRESSIVE;
				CLANG_WARN_UNREACHABLE_CODE = YES;
				CLANG_WARN__DUPLICATE_METHOD_MATCH = YES;
				CODE_SIGN_IDENTITY = "iPhone Developer";
				COPY_PHASE_STRIP = NO;
				DEBUG_INFORMATION_FORMAT = "dwarf-with-dsym";
				ENABLE_NS_ASSERTIONS = NO;
				ENABLE_STRICT_OBJC_MSGSEND = YES;
				GCC_C_LANGUAGE_STANDARD = gnu11;
				GCC_NO_COMMON_BLOCKS = YES;
				GCC_WARN_64_TO_32_BIT_CONVERSION = YES;
				GCC_WARN_ABOUT_RETURN_TYPE = YES_ERROR;
				GCC_WARN_UNDECLARED_SELECTOR = YES;
				GCC_WARN_UNINITIALIZED_AUTOS = YES_AGGRESSIVE;
				GCC_WARN_UNUSED_FUNCTION = YES;
				GCC_WARN_UNUSED_VARIABLE = YES;
				IPHONEOS_DEPLOYMENT_TARGET = 11.0;
				MTL_ENABLE_DEBUG_INFO = NO;
				SDKROOT = iphoneos;
				VALIDATE_PRODUCT = YES;
			};
			name = Release;
		};
		818387641FAF99300096A7A9 /* Debug */ = {
			isa = XCBuildConfiguration;
			buildSettings = {
				ASSETCATALOG_COMPILER_APPICON_NAME = AppIcon;
				CODE_SIGN_STYLE = Automatic;
				INFOPLIST_FILE = test/Info.plist;
				LD_RUNPATH_SEARCH_PATHS = "$(inherited) @executable_path/Frameworks";
				PRODUCT_BUNDLE_IDENTIFIER = test.test;
				PRODUCT_NAME = "$(TARGET_NAME)";
				TARGETED_DEVICE_FAMILY = 1;
			};
			name = Debug;
		};
		818387651FAF99300096A7A9 /* Release */ = {
			isa = XCBuildConfiguration;
			buildSettings = {
				ASSETCATALOG_COMPILER_APPICON_NAME = AppIcon;
				CODE_SIGN_STYLE = Automatic;
				INFOPLIST_FILE = test/Info.plist;
				LD_RUNPATH_SEARCH_PATHS = "$(inherited) @executable_path/Frameworks";
				PRODUCT_BUNDLE_IDENTIFIER = test.test;
				PRODUCT_NAME = "$(TARGET_NAME)";
				TARGETED_DEVICE_FAMILY = 1;
			};
			name = Release;
		};
		818387671FAF99300096A7A9 /* Debug */ = {
			isa = XCBuildConfiguration;
			buildSettings = {
				BUNDLE_LOADER = "$(TEST_HOST)";
				CODE_SIGN_STYLE = Automatic;
				INFOPLIST_FILE = testTests/Info.plist;
				LD_RUNPATH_SEARCH_PATHS = "$(inherited) @executable_path/Frameworks @loader_path/Frameworks";
				PRODUCT_BUNDLE_IDENTIFIER = test.testTests;
				PRODUCT_NAME = "$(TARGET_NAME)";
				TARGETED_DEVICE_FAMILY = "1,2";
				TEST_HOST = "$(BUILT_PRODUCTS_DIR)/test.app/test";
			};
			name = Debug;
		};
		818387681FAF99300096A7A9 /* Release */ = {
			isa = XCBuildConfiguration;
			buildSettings = {
				BUNDLE_LOADER = "$(TEST_HOST)";
				CODE_SIGN_STYLE = Automatic;
				INFOPLIST_FILE = testTests/Info.plist;
				LD_RUNPATH_SEARCH_PATHS = "$(inherited) @executable_path/Frameworks @loader_path/Frameworks";
				PRODUCT_BUNDLE_IDENTIFIER = test.testTests;
				PRODUCT_NAME = "$(TARGET_NAME)";
				TARGETED_DEVICE_FAMILY = "1,2";
				TEST_HOST = "$(BUILT_PRODUCTS_DIR)/test.app/test";
			};
			name = Release;
		};
		8183876A1FAF99300096A7A9 /* Debug */ = {
			isa = XCBuildConfiguration;
			buildSettings = {
				CODE_SIGN_STYLE = Automatic;
				INFOPLIST_FILE = testUITests/Info.plist;
				LD_RUNPATH_SEARCH_PATHS = "$(inherited) @executable_path/Frameworks @loader_path/Frameworks";
				PRODUCT_BUNDLE_IDENTIFIER = test.testUITests;
				PRODUCT_NAME = "$(TARGET_NAME)";
				TARGETED_DEVICE_FAMILY = "1,2";
				TEST_TARGET_NAME = test;
			};
			name = Debug;
		};
		8183876B1FAF99300096A7A9 /* Release */ = {
			isa = XCBuildConfiguration;
			buildSettings = {
				CODE_SIGN_STYLE = Automatic;
				INFOPLIST_FILE = testUITests/Info.plist;
				LD_RUNPATH_SEARCH_PATHS = "$(inherited) @executable_path/Frameworks @loader_path/Frameworks";
				PRODUCT_BUNDLE_IDENTIFIER = test.testUITests;
				PRODUCT_NAME = "$(TARGET_NAME)";
				TARGETED_DEVICE_FAMILY = "1,2";
				TEST_TARGET_NAME = test;
			};
			name = Release;
		};
/* End XCBuildConfiguration section */

/* Begin XCConfigurationList section */
		818387301FAF99300096A7A9 /* Build configuration list for PBXProject "test" */ = {
			isa = XCConfigurationList;
			buildConfigurations = (
				818387611FAF99300096A7A9 /* Debug */,
				818387621FAF99300096A7A9 /* Release */,
			);
			defaultConfigurationIsVisible = 0;
			defaultConfigurationName = Release;
		};
		818387631FAF99300096A7A9 /* Build configuration list for PBXNativeTarget "test" */ = {
			isa = XCConfigurationList;
			buildConfigurations = (
				818387641FAF99300096A7A9 /* Debug */,
				818387651FAF99300096A7A9 /* Release */,
			);
			defaultConfigurationIsVisible = 0;
			defaultConfigurationName = Release;
		};
		818387661FAF99300096A7A9 /* Build configuration list for PBXNativeTarget "testTests" */ = {
			isa = XCConfigurationList;
			buildConfigurations = (
				818387671FAF99300096A7A9 /* Debug */,
				818387681FAF99300096A7A9 /* Release */,
			);
			defaultConfigurationIsVisible = 0;
			defaultConfigurationName = Release;
		};
		818387691FAF99300096A7A9 /* Build configuration list for PBXNativeTarget "testUITests" */ = {
			isa = XCConfigurationList;
			buildConfigurations = (
				8183876A1FAF99300096A7A9 /* Debug */,
				8183876B1FAF99300096A7A9 /* Release */,
			);
			defaultConfigurationIsVisible = 0;
			defaultConfigurationName = Release;
		};
/* End XCConfigurationList section */
	};
	rootObject = 8183872D1FAF99300096A7A9 /* Project object */;
}
