<?xml version="1.0"?>
<plist version="1.0">
	<dict>
		<key>archiveVersion</key>
		<string>1</string>
		<key>classes</key>
		<dict />
		<key>objectVersion</key>
		<string>46</string>
		<key>objects</key>
		<dict>
			<key>E4F4D748C620B650836EA72F</key>
			<dict>
				<key>explicitFileType</key>
				<string>sourcecode.c.h</string>
				<key>fileEncoding</key>
				<string>30</string>
				<key>isa</key>
				<string>PBXFileReference</string>
				<key>name</key>
				<string>hb.h</string>
				<key>path</key>
				<string>../../../../of_v0.9.8_osx_release/addons/ofxTrueTypeFontUL2/libs/harfbuzz/include/hb.h</string>
				<key>sourceTree</key>
				<string>SOURCE_ROOT</string>
			</dict>
			<key>2CF9120C2539DF7382B89D9D</key>
			<dict>
				<key>explicitFileType</key>
				<string>sourcecode.c.h</string>
				<key>fileEncoding</key>
				<string>30</string>
				<key>isa</key>
				<string>PBXFileReference</string>
				<key>name</key>
				<string>hb-version.h</string>
				<key>path</key>
				<string>../../../../of_v0.9.8_osx_release/addons/ofxTrueTypeFontUL2/libs/harfbuzz/include/hb-version.h</string>
				<key>sourceTree</key>
				<string>SOURCE_ROOT</string>
			</dict>
			<key>AF69F4A0014F855C18B80576</key>
			<dict>
				<key>explicitFileType</key>
				<string>sourcecode.c.h</string>
				<key>fileEncoding</key>
				<string>30</string>
				<key>isa</key>
				<string>PBXFileReference</string>
				<key>name</key>
				<string>hb-unicode.h</string>
				<key>path</key>
				<string>../../../../of_v0.9.8_osx_release/addons/ofxTrueTypeFontUL2/libs/harfbuzz/include/hb-unicode.h</string>
				<key>sourceTree</key>
				<string>SOURCE_ROOT</string>
			</dict>
			<key>B09147E76D745EC8BE30A14D</key>
			<dict>
				<key>explicitFileType</key>
				<string>sourcecode.c.h</string>
				<key>fileEncoding</key>
				<string>30</string>
				<key>isa</key>
				<string>PBXFileReference</string>
				<key>name</key>
				<string>hb-shape.h</string>
				<key>path</key>
				<string>../../../../of_v0.9.8_osx_release/addons/ofxTrueTypeFontUL2/libs/harfbuzz/include/hb-shape.h</string>
				<key>sourceTree</key>
				<string>SOURCE_ROOT</string>
			</dict>
			<key>C1244F0D85C4346AEDACE9C7</key>
			<dict>
				<key>explicitFileType</key>
				<string>sourcecode.c.h</string>
				<key>fileEncoding</key>
				<string>30</string>
				<key>isa</key>
				<string>PBXFileReference</string>
				<key>name</key>
				<string>hb-shape-plan.h</string>
				<key>path</key>
				<string>../../../../of_v0.9.8_osx_release/addons/ofxTrueTypeFontUL2/libs/harfbuzz/include/hb-shape-plan.h</string>
				<key>sourceTree</key>
				<string>SOURCE_ROOT</string>
			</dict>
			<key>3C770016C13A3A435EA5EEE5</key>
			<dict>
				<key>explicitFileType</key>
				<string>sourcecode.c.h</string>
				<key>fileEncoding</key>
				<string>30</string>
				<key>isa</key>
				<string>PBXFileReference</string>
				<key>name</key>
				<string>hb-set.h</string>
				<key>path</key>
				<string>../../../../of_v0.9.8_osx_release/addons/ofxTrueTypeFontUL2/libs/harfbuzz/include/hb-set.h</string>
				<key>sourceTree</key>
				<string>SOURCE_ROOT</string>
			</dict>
			<key>E53574715DCE16B01BA928F5</key>
			<dict>
				<key>explicitFileType</key>
				<string>sourcecode.c.h</string>
				<key>fileEncoding</key>
				<string>30</string>
				<key>isa</key>
				<string>PBXFileReference</string>
				<key>name</key>
				<string>hb-ot.h</string>
				<key>path</key>
				<string>../../../../of_v0.9.8_osx_release/addons/ofxTrueTypeFontUL2/libs/harfbuzz/include/hb-ot.h</string>
				<key>sourceTree</key>
				<string>SOURCE_ROOT</string>
			</dict>
			<key>92CBE0764B8941AF97661707</key>
			<dict>
				<key>explicitFileType</key>
				<string>sourcecode.c.h</string>
				<key>fileEncoding</key>
				<string>30</string>
				<key>isa</key>
				<string>PBXFileReference</string>
				<key>name</key>
				<string>hb-ot-tag.h</string>
				<key>path</key>
				<string>../../../../of_v0.9.8_osx_release/addons/ofxTrueTypeFontUL2/libs/harfbuzz/include/hb-ot-tag.h</string>
				<key>sourceTree</key>
				<string>SOURCE_ROOT</string>
			</dict>
			<key>DDC517B17BE2EF06626E7EAA</key>
			<dict>
				<key>explicitFileType</key>
				<string>sourcecode.c.h</string>
				<key>fileEncoding</key>
				<string>30</string>
				<key>isa</key>
				<string>PBXFileReference</string>
				<key>name</key>
				<string>hb-ot-layout.h</string>
				<key>path</key>
				<string>../../../../of_v0.9.8_osx_release/addons/ofxTrueTypeFontUL2/libs/harfbuzz/include/hb-ot-layout.h</string>
				<key>sourceTree</key>
				<string>SOURCE_ROOT</string>
			</dict>
			<key>1AE2C610FDDBAF72F0F9DC79</key>
			<dict>
				<key>explicitFileType</key>
				<string>sourcecode.c.h</string>
				<key>fileEncoding</key>
				<string>30</string>
				<key>isa</key>
				<string>PBXFileReference</string>
				<key>name</key>
				<string>hb-glib.h</string>
				<key>path</key>
				<string>../../../../of_v0.9.8_osx_release/addons/ofxTrueTypeFontUL2/libs/harfbuzz/include/hb-glib.h</string>
				<key>sourceTree</key>
				<string>SOURCE_ROOT</string>
			</dict>
			<key>101E9429A560A2513F7F58BB</key>
			<dict>
				<key>explicitFileType</key>
				<string>sourcecode.c.h</string>
				<key>fileEncoding</key>
				<string>30</string>
				<key>isa</key>
				<string>PBXFileReference</string>
				<key>name</key>
				<string>hb-ft.h</string>
				<key>path</key>
				<string>../../../../of_v0.9.8_osx_release/addons/ofxTrueTypeFontUL2/libs/harfbuzz/include/hb-ft.h</string>
				<key>sourceTree</key>
				<string>SOURCE_ROOT</string>
			</dict>
			<key>E5AC5F4E0B9C218D5D5E28C4</key>
			<dict>
				<key>explicitFileType</key>
				<string>sourcecode.c.h</string>
				<key>fileEncoding</key>
				<string>30</string>
				<key>isa</key>
				<string>PBXFileReference</string>
				<key>name</key>
				<string>hb-font.h</string>
				<key>path</key>
				<string>../../../../of_v0.9.8_osx_release/addons/ofxTrueTypeFontUL2/libs/harfbuzz/include/hb-font.h</string>
				<key>sourceTree</key>
				<string>SOURCE_ROOT</string>
			</dict>
			<key>2135AC0B2CE7F6A4E9731B41</key>
			<dict>
				<key>explicitFileType</key>
				<string>sourcecode.c.h</string>
				<key>fileEncoding</key>
				<string>30</string>
				<key>isa</key>
				<string>PBXFileReference</string>
				<key>name</key>
				<string>hb-face.h</string>
				<key>path</key>
				<string>../../../../of_v0.9.8_osx_release/addons/ofxTrueTypeFontUL2/libs/harfbuzz/include/hb-face.h</string>
				<key>sourceTree</key>
				<string>SOURCE_ROOT</string>
			</dict>
			<key>A304F88F304B2F195B028262</key>
			<dict>
				<key>explicitFileType</key>
				<string>sourcecode.c.h</string>
				<key>fileEncoding</key>
				<string>30</string>
				<key>isa</key>
				<string>PBXFileReference</string>
				<key>name</key>
				<string>hb-deprecated.h</string>
				<key>path</key>
				<string>../../../../of_v0.9.8_osx_release/addons/ofxTrueTypeFontUL2/libs/harfbuzz/include/hb-deprecated.h</string>
				<key>sourceTree</key>
				<string>SOURCE_ROOT</string>
			</dict>
			<key>147A5EAF9F72ECAC5615002F</key>
			<dict>
				<key>explicitFileType</key>
				<string>sourcecode.c.h</string>
				<key>fileEncoding</key>
				<string>30</string>
				<key>isa</key>
				<string>PBXFileReference</string>
				<key>name</key>
				<string>hb-common.h</string>
				<key>path</key>
				<string>../../../../of_v0.9.8_osx_release/addons/ofxTrueTypeFontUL2/libs/harfbuzz/include/hb-common.h</string>
				<key>sourceTree</key>
				<string>SOURCE_ROOT</string>
			</dict>
			<key>7BCAA303322C54C88C580AC6</key>
			<dict>
				<key>explicitFileType</key>
				<string>sourcecode.c.h</string>
				<key>fileEncoding</key>
				<string>30</string>
				<key>isa</key>
				<string>PBXFileReference</string>
				<key>name</key>
				<string>hb-buffer.h</string>
				<key>path</key>
				<string>../../../../of_v0.9.8_osx_release/addons/ofxTrueTypeFontUL2/libs/harfbuzz/include/hb-buffer.h</string>
				<key>sourceTree</key>
				<string>SOURCE_ROOT</string>
			</dict>
			<key>36DF7875E3DFC3A51FD886CE</key>
			<dict>
				<key>children</key>
				<array>
					<string>E98E2F39A11598023EFD1282</string>
					<string>7BCAA303322C54C88C580AC6</string>
					<string>147A5EAF9F72ECAC5615002F</string>
					<string>A304F88F304B2F195B028262</string>
					<string>2135AC0B2CE7F6A4E9731B41</string>
					<string>E5AC5F4E0B9C218D5D5E28C4</string>
					<string>101E9429A560A2513F7F58BB</string>
					<string>1AE2C610FDDBAF72F0F9DC79</string>
					<string>DDC517B17BE2EF06626E7EAA</string>
					<string>92CBE0764B8941AF97661707</string>
					<string>E53574715DCE16B01BA928F5</string>
					<string>3C770016C13A3A435EA5EEE5</string>
					<string>C1244F0D85C4346AEDACE9C7</string>
					<string>B09147E76D745EC8BE30A14D</string>
					<string>AF69F4A0014F855C18B80576</string>
					<string>2CF9120C2539DF7382B89D9D</string>
					<string>E4F4D748C620B650836EA72F</string>
				</array>
				<key>isa</key>
				<string>PBXGroup</string>
				<key>name</key>
				<string>include</string>
				<key>sourceTree</key>
				<string>&lt;group&gt;</string>
			</dict>
			<key>B93B25C4A5FD5D7BA19053D9</key>
			<dict>
				<key>children</key>
				<array>
					<string>36DF7875E3DFC3A51FD886CE</string>
				</array>
				<key>isa</key>
				<string>PBXGroup</string>
				<key>name</key>
				<string>harfbuzz</string>
				<key>sourceTree</key>
				<string>&lt;group&gt;</string>
			</dict>
			<key>F6F986533CF4AF214C8AA421</key>
			<dict>
				<key>children</key>
				<array>
					<string>B93B25C4A5FD5D7BA19053D9</string>
				</array>
				<key>isa</key>
				<string>PBXGroup</string>
				<key>name</key>
				<string>libs</string>
				<key>sourceTree</key>
				<string>&lt;group&gt;</string>
			</dict>
			<key>E98E2F39A11598023EFD1282</key>
			<dict>
				<key>explicitFileType</key>
				<string>sourcecode.c.h</string>
				<key>fileEncoding</key>
				<string>30</string>
				<key>isa</key>
				<string>PBXFileReference</string>
				<key>name</key>
				<string>hb-blob.h</string>
				<key>path</key>
				<string>../../../../of_v0.9.8_osx_release/addons/ofxTrueTypeFontUL2/libs/harfbuzz/include/hb-blob.h</string>
				<key>sourceTree</key>
				<string>SOURCE_ROOT</string>
			</dict>
			<key>D052DE83336574B9444E0AC8</key>
			<dict>
				<key>explicitFileType</key>
				<string>sourcecode.c.h</string>
				<key>fileEncoding</key>
				<string>30</string>
				<key>isa</key>
				<string>PBXFileReference</string>
				<key>name</key>
				<string>ofxTrueTypeFontUL2.h</string>
				<key>path</key>
				<string>../../../../of_v0.9.8_osx_release/addons/ofxTrueTypeFontUL2/src/ofxTrueTypeFontUL2.h</string>
				<key>sourceTree</key>
				<string>SOURCE_ROOT</string>
			</dict>
			<key>C1A328B6453070B506A9223B</key>
			<dict>
				<key>children</key>
				<array>
					<string>CCBE916FA207A43D1AC9C04E</string>
					<string>D052DE83336574B9444E0AC8</string>
				</array>
				<key>isa</key>
				<string>PBXGroup</string>
				<key>name</key>
				<string>src</string>
				<key>sourceTree</key>
				<string>&lt;group&gt;</string>
			</dict>
			<key>08F0DBE627E14F259267379F</key>
			<dict>
				<key>children</key>
				<array>
					<string>C1A328B6453070B506A9223B</string>
					<string>F6F986533CF4AF214C8AA421</string>
				</array>
				<key>isa</key>
				<string>PBXGroup</string>
				<key>name</key>
				<string>ofxTrueTypeFontUL2</string>
				<key>sourceTree</key>
				<string>&lt;group&gt;</string>
			</dict>
			<key>CB76A991D1D5C0AAC2E2587D</key>
			<dict>
				<key>fileRef</key>
				<string>CCBE916FA207A43D1AC9C04E</string>
				<key>isa</key>
				<string>PBXBuildFile</string>
			</dict>
			<key>CCBE916FA207A43D1AC9C04E</key>
			<dict>
				<key>explicitFileType</key>
				<string>sourcecode.cpp.cpp</string>
				<key>fileEncoding</key>
				<string>30</string>
				<key>isa</key>
				<string>PBXFileReference</string>
				<key>name</key>
				<string>ofxTrueTypeFontUL2.cpp</string>
				<key>path</key>
				<string>../../../../of_v0.9.8_osx_release/addons/ofxTrueTypeFontUL2/src/ofxTrueTypeFontUL2.cpp</string>
				<key>sourceTree</key>
				<string>SOURCE_ROOT</string>
			</dict>
			<key>2F8B5DDB6B1F05169A3DC4BC</key>
			<dict>
				<key>explicitFileType</key>
				<string>sourcecode.c.h</string>
				<key>fileEncoding</key>
				<string>30</string>
				<key>isa</key>
				<string>PBXFileReference</string>
				<key>name</key>
				<string>ofxImageSequence.h</string>
				<key>path</key>
				<string>../../../../of_v0.9.8_osx_release/addons/ofxImageSequence/src/ofxImageSequence.h</string>
				<key>sourceTree</key>
				<string>SOURCE_ROOT</string>
			</dict>
			<key>522CDC8569920E5212679C8B</key>
			<dict>
				<key>children</key>
				<array>
					<string>208F1CE655ABE73EF80682B8</string>
					<string>2F8B5DDB6B1F05169A3DC4BC</string>
				</array>
				<key>isa</key>
				<string>PBXGroup</string>
				<key>name</key>
				<string>src</string>
				<key>sourceTree</key>
				<string>&lt;group&gt;</string>
			</dict>
			<key>F58787ADB2CBE3635F03EF40</key>
			<dict>
				<key>children</key>
				<array>
					<string>522CDC8569920E5212679C8B</string>
				</array>
				<key>isa</key>
				<string>PBXGroup</string>
				<key>name</key>
				<string>ofxImageSequence</string>
				<key>sourceTree</key>
				<string>&lt;group&gt;</string>
			</dict>
			<key>8DC263E314EF9BB4D168267F</key>
			<dict>
				<key>fileRef</key>
				<string>208F1CE655ABE73EF80682B8</string>
				<key>isa</key>
				<string>PBXBuildFile</string>
			</dict>
			<key>208F1CE655ABE73EF80682B8</key>
			<dict>
				<key>explicitFileType</key>
				<string>sourcecode.cpp.cpp</string>
				<key>fileEncoding</key>
				<string>30</string>
				<key>isa</key>
				<string>PBXFileReference</string>
				<key>name</key>
				<string>ofxImageSequence.cpp</string>
				<key>path</key>
				<string>../../../../of_v0.9.8_osx_release/addons/ofxImageSequence/src/ofxImageSequence.cpp</string>
				<key>sourceTree</key>
				<string>SOURCE_ROOT</string>
			</dict>
			<key>08A98184FF8AC9F2B002C6E9</key>
			<dict>
				<key>explicitFileType</key>
				<string>sourcecode.c.h</string>
				<key>fileEncoding</key>
				<string>30</string>
				<key>isa</key>
				<string>PBXFileReference</string>
				<key>name</key>
				<string>ofxToggle.h</string>
				<key>path</key>
				<string>../../../../of_v0.9.8_osx_release/addons/ofxGui/src/ofxToggle.h</string>
				<key>sourceTree</key>
				<string>SOURCE_ROOT</string>
			</dict>
			<key>5F131AC1F6EF4A345D808FB5</key>
			<dict>
				<key>fileRef</key>
				<string>DB8A913F1E1D4EE23A143D63</string>
				<key>isa</key>
				<string>PBXBuildFile</string>
			</dict>
			<key>DB8A913F1E1D4EE23A143D63</key>
			<dict>
				<key>explicitFileType</key>
				<string>sourcecode.cpp.cpp</string>
				<key>fileEncoding</key>
				<string>30</string>
				<key>isa</key>
				<string>PBXFileReference</string>
				<key>name</key>
				<string>ofxToggle.cpp</string>
				<key>path</key>
				<string>../../../../of_v0.9.8_osx_release/addons/ofxGui/src/ofxToggle.cpp</string>
				<key>sourceTree</key>
				<string>SOURCE_ROOT</string>
			</dict>
			<key>CE887093932E70D87B1B4B35</key>
			<dict>
				<key>explicitFileType</key>
				<string>sourcecode.c.h</string>
				<key>fileEncoding</key>
				<string>30</string>
				<key>isa</key>
				<string>PBXFileReference</string>
				<key>name</key>
				<string>ofxSliderGroup.h</string>
				<key>path</key>
				<string>../../../../of_v0.9.8_osx_release/addons/ofxGui/src/ofxSliderGroup.h</string>
				<key>sourceTree</key>
				<string>SOURCE_ROOT</string>
			</dict>
			<key>A666114E6FC02999817B931F</key>
			<dict>
				<key>fileRef</key>
				<string>BF26871164CD378F7C856AD9</string>
				<key>isa</key>
				<string>PBXBuildFile</string>
			</dict>
			<key>BF26871164CD378F7C856AD9</key>
			<dict>
				<key>explicitFileType</key>
				<string>sourcecode.cpp.cpp</string>
				<key>fileEncoding</key>
				<string>30</string>
				<key>isa</key>
				<string>PBXFileReference</string>
				<key>name</key>
				<string>ofxSliderGroup.cpp</string>
				<key>path</key>
				<string>../../../../of_v0.9.8_osx_release/addons/ofxGui/src/ofxSliderGroup.cpp</string>
				<key>sourceTree</key>
				<string>SOURCE_ROOT</string>
			</dict>
			<key>E962D9FD3977AF75DE0EFC7A</key>
			<dict>
				<key>explicitFileType</key>
				<string>sourcecode.c.h</string>
				<key>fileEncoding</key>
				<string>30</string>
				<key>isa</key>
				<string>PBXFileReference</string>
				<key>name</key>
				<string>ofxSlider.h</string>
				<key>path</key>
				<string>../../../../of_v0.9.8_osx_release/addons/ofxGui/src/ofxSlider.h</string>
				<key>sourceTree</key>
				<string>SOURCE_ROOT</string>
			</dict>
			<key>F4A3A7E565388C16136138B9</key>
			<dict>
				<key>fileRef</key>
				<string>DD91F64F2C1271A1A7C71458</string>
				<key>isa</key>
				<string>PBXBuildFile</string>
			</dict>
			<key>DD91F64F2C1271A1A7C71458</key>
			<dict>
				<key>explicitFileType</key>
				<string>sourcecode.cpp.cpp</string>
				<key>fileEncoding</key>
				<string>30</string>
				<key>isa</key>
				<string>PBXFileReference</string>
				<key>name</key>
				<string>ofxSlider.cpp</string>
				<key>path</key>
				<string>../../../../of_v0.9.8_osx_release/addons/ofxGui/src/ofxSlider.cpp</string>
				<key>sourceTree</key>
				<string>SOURCE_ROOT</string>
			</dict>
			<key>755C41CA8B80B216B4A7A201</key>
			<dict>
				<key>explicitFileType</key>
				<string>sourcecode.c.h</string>
				<key>fileEncoding</key>
				<string>30</string>
				<key>isa</key>
				<string>PBXFileReference</string>
				<key>name</key>
				<string>ofxPanel.h</string>
				<key>path</key>
				<string>../../../../of_v0.9.8_osx_release/addons/ofxGui/src/ofxPanel.h</string>
				<key>sourceTree</key>
				<string>SOURCE_ROOT</string>
			</dict>
			<key>E0788DAB1979A724D741A861</key>
			<dict>
				<key>fileRef</key>
				<string>5BE58FA9DA5F81D80DC10483</string>
				<key>isa</key>
				<string>PBXBuildFile</string>
			</dict>
			<key>5BE58FA9DA5F81D80DC10483</key>
			<dict>
				<key>explicitFileType</key>
				<string>sourcecode.cpp.cpp</string>
				<key>fileEncoding</key>
				<string>30</string>
				<key>isa</key>
				<string>PBXFileReference</string>
				<key>name</key>
				<string>ofxPanel.cpp</string>
				<key>path</key>
				<string>../../../../of_v0.9.8_osx_release/addons/ofxGui/src/ofxPanel.cpp</string>
				<key>sourceTree</key>
				<string>SOURCE_ROOT</string>
			</dict>
			<key>9B402B85D1876266BD259B2B</key>
			<dict>
				<key>explicitFileType</key>
				<string>sourcecode.c.h</string>
				<key>fileEncoding</key>
				<string>30</string>
				<key>isa</key>
				<string>PBXFileReference</string>
				<key>name</key>
				<string>ofxLabel.h</string>
				<key>path</key>
				<string>../../../../of_v0.9.8_osx_release/addons/ofxGui/src/ofxLabel.h</string>
				<key>sourceTree</key>
				<string>SOURCE_ROOT</string>
			</dict>
			<key>B33CD1315CC6C05197584435</key>
			<dict>
				<key>fileRef</key>
				<string>C25F58B0F93CFF331C7A5036</string>
				<key>isa</key>
				<string>PBXBuildFile</string>
			</dict>
			<key>C25F58B0F93CFF331C7A5036</key>
			<dict>
				<key>explicitFileType</key>
				<string>sourcecode.cpp.cpp</string>
				<key>fileEncoding</key>
				<string>30</string>
				<key>isa</key>
				<string>PBXFileReference</string>
				<key>name</key>
				<string>ofxLabel.cpp</string>
				<key>path</key>
				<string>../../../../of_v0.9.8_osx_release/addons/ofxGui/src/ofxLabel.cpp</string>
				<key>sourceTree</key>
				<string>SOURCE_ROOT</string>
			</dict>
			<key>6E6D9269166A05F2717FFDE0</key>
			<dict>
				<key>explicitFileType</key>
				<string>sourcecode.c.h</string>
				<key>fileEncoding</key>
				<string>30</string>
				<key>isa</key>
				<string>PBXFileReference</string>
				<key>name</key>
				<string>ofxGuiGroup.h</string>
				<key>path</key>
				<string>../../../../of_v0.9.8_osx_release/addons/ofxGui/src/ofxGuiGroup.h</string>
				<key>sourceTree</key>
				<string>SOURCE_ROOT</string>
			</dict>
			<key>B099E021F31864C38C1A79AF</key>
			<dict>
				<key>fileRef</key>
				<string>96B5EE5548C75EB5F93BE19B</string>
				<key>isa</key>
				<string>PBXBuildFile</string>
			</dict>
			<key>96B5EE5548C75EB5F93BE19B</key>
			<dict>
				<key>explicitFileType</key>
				<string>sourcecode.cpp.cpp</string>
				<key>fileEncoding</key>
				<string>30</string>
				<key>isa</key>
				<string>PBXFileReference</string>
				<key>name</key>
				<string>ofxGuiGroup.cpp</string>
				<key>path</key>
				<string>../../../../of_v0.9.8_osx_release/addons/ofxGui/src/ofxGuiGroup.cpp</string>
				<key>sourceTree</key>
				<string>SOURCE_ROOT</string>
			</dict>
			<key>B491B70A49BA439BA4B20C03</key>
			<dict>
				<key>explicitFileType</key>
				<string>sourcecode.c.h</string>
				<key>fileEncoding</key>
				<string>30</string>
				<key>isa</key>
				<string>PBXFileReference</string>
				<key>name</key>
				<string>ofxGui.h</string>
				<key>path</key>
				<string>../../../../of_v0.9.8_osx_release/addons/ofxGui/src/ofxGui.h</string>
				<key>sourceTree</key>
				<string>SOURCE_ROOT</string>
			</dict>
			<key>E3EF5E22259E449B56CFBDCC</key>
			<dict>
				<key>explicitFileType</key>
				<string>sourcecode.c.h</string>
				<key>fileEncoding</key>
				<string>30</string>
				<key>isa</key>
				<string>PBXFileReference</string>
				<key>name</key>
				<string>ofxButton.h</string>
				<key>path</key>
				<string>../../../../of_v0.9.8_osx_release/addons/ofxGui/src/ofxButton.h</string>
				<key>sourceTree</key>
				<string>SOURCE_ROOT</string>
			</dict>
			<key>26C918A18749F3343BAE189D</key>
			<dict>
				<key>fileRef</key>
				<string>ED022B158A579C11EC257679</string>
				<key>isa</key>
				<string>PBXBuildFile</string>
			</dict>
			<key>ED022B158A579C11EC257679</key>
			<dict>
				<key>explicitFileType</key>
				<string>sourcecode.cpp.cpp</string>
				<key>fileEncoding</key>
				<string>30</string>
				<key>isa</key>
				<string>PBXFileReference</string>
				<key>name</key>
				<string>ofxButton.cpp</string>
				<key>path</key>
				<string>../../../../of_v0.9.8_osx_release/addons/ofxGui/src/ofxButton.cpp</string>
				<key>sourceTree</key>
				<string>SOURCE_ROOT</string>
			</dict>
			<key>37E583DAD23B827B8FD7901E</key>
			<dict>
				<key>explicitFileType</key>
				<string>sourcecode.c.h</string>
				<key>fileEncoding</key>
				<string>30</string>
				<key>isa</key>
				<string>PBXFileReference</string>
				<key>name</key>
				<string>ofxBaseGui.h</string>
				<key>path</key>
				<string>../../../../of_v0.9.8_osx_release/addons/ofxGui/src/ofxBaseGui.h</string>
				<key>sourceTree</key>
				<string>SOURCE_ROOT</string>
			</dict>
			<key>A763ED608B35AE3310251DEE</key>
			<dict>
				<key>children</key>
				<array>
					<string>8F276A16D0D6C287D0526E3D</string>
					<string>37E583DAD23B827B8FD7901E</string>
					<string>ED022B158A579C11EC257679</string>
					<string>E3EF5E22259E449B56CFBDCC</string>
					<string>B491B70A49BA439BA4B20C03</string>
					<string>96B5EE5548C75EB5F93BE19B</string>
					<string>6E6D9269166A05F2717FFDE0</string>
					<string>C25F58B0F93CFF331C7A5036</string>
					<string>9B402B85D1876266BD259B2B</string>
					<string>5BE58FA9DA5F81D80DC10483</string>
					<string>755C41CA8B80B216B4A7A201</string>
					<string>DD91F64F2C1271A1A7C71458</string>
					<string>E962D9FD3977AF75DE0EFC7A</string>
					<string>BF26871164CD378F7C856AD9</string>
					<string>CE887093932E70D87B1B4B35</string>
					<string>DB8A913F1E1D4EE23A143D63</string>
					<string>08A98184FF8AC9F2B002C6E9</string>
				</array>
				<key>isa</key>
				<string>PBXGroup</string>
				<key>name</key>
				<string>src</string>
				<key>sourceTree</key>
				<string>&lt;group&gt;</string>
			</dict>
			<key>480A780D8D0308AE4A368801</key>
			<dict>
				<key>children</key>
				<array>
					<string>A763ED608B35AE3310251DEE</string>
				</array>
				<key>isa</key>
				<string>PBXGroup</string>
				<key>name</key>
				<string>ofxGui</string>
				<key>sourceTree</key>
				<string>&lt;group&gt;</string>
			</dict>
			<key>D6A39F2B6D22DDEACAC26A21</key>
			<dict>
				<key>fileRef</key>
				<string>8F276A16D0D6C287D0526E3D</string>
				<key>isa</key>
				<string>PBXBuildFile</string>
			</dict>
			<key>8F276A16D0D6C287D0526E3D</key>
			<dict>
				<key>explicitFileType</key>
				<string>sourcecode.cpp.cpp</string>
				<key>fileEncoding</key>
				<string>30</string>
				<key>isa</key>
				<string>PBXFileReference</string>
				<key>name</key>
				<string>ofxBaseGui.cpp</string>
				<key>path</key>
				<string>../../../../of_v0.9.8_osx_release/addons/ofxGui/src/ofxBaseGui.cpp</string>
				<key>sourceTree</key>
				<string>SOURCE_ROOT</string>
			</dict>
			<key>22CA4388BEC07CA563E473AE</key>
			<dict>
				<key>explicitFileType</key>
				<string>sourcecode.c.h</string>
				<key>fileEncoding</key>
				<string>30</string>
				<key>isa</key>
				<string>PBXFileReference</string>
				<key>name</key>
				<string>sweep_context.h</string>
				<key>path</key>
				<string>../../../../of_v0.9.8_osx_release/addons/ofx3DFont/libs/poly2tri/sweep/sweep_context.h</string>
				<key>sourceTree</key>
				<string>SOURCE_ROOT</string>
			</dict>
			<key>B24400E70AB4DBF7ED9870CA</key>
			<dict>
				<key>fileRef</key>
				<string>69CFAC05B27D37FEB5297185</string>
				<key>isa</key>
				<string>PBXBuildFile</string>
			</dict>
			<key>69CFAC05B27D37FEB5297185</key>
			<dict>
				<key>explicitFileType</key>
				<string>sourcecode.cpp.cpp</string>
				<key>fileEncoding</key>
				<string>30</string>
				<key>isa</key>
				<string>PBXFileReference</string>
				<key>name</key>
				<string>sweep_context.cc</string>
				<key>path</key>
				<string>../../../../of_v0.9.8_osx_release/addons/ofx3DFont/libs/poly2tri/sweep/sweep_context.cc</string>
				<key>sourceTree</key>
				<string>SOURCE_ROOT</string>
			</dict>
			<key>7B8B37D3A99695475A80AA53</key>
			<dict>
				<key>explicitFileType</key>
				<string>sourcecode.c.h</string>
				<key>fileEncoding</key>
				<string>30</string>
				<key>isa</key>
				<string>PBXFileReference</string>
				<key>name</key>
				<string>sweep.h</string>
				<key>path</key>
				<string>../../../../of_v0.9.8_osx_release/addons/ofx3DFont/libs/poly2tri/sweep/sweep.h</string>
				<key>sourceTree</key>
				<string>SOURCE_ROOT</string>
			</dict>
			<key>18F2EA90DFDB8D8D01A75D2D</key>
			<dict>
				<key>fileRef</key>
				<string>07E21DC59DD1C013C89BCE76</string>
				<key>isa</key>
				<string>PBXBuildFile</string>
			</dict>
			<key>07E21DC59DD1C013C89BCE76</key>
			<dict>
				<key>explicitFileType</key>
				<string>sourcecode.cpp.cpp</string>
				<key>fileEncoding</key>
				<string>30</string>
				<key>isa</key>
				<string>PBXFileReference</string>
				<key>name</key>
				<string>sweep.cc</string>
				<key>path</key>
				<string>../../../../of_v0.9.8_osx_release/addons/ofx3DFont/libs/poly2tri/sweep/sweep.cc</string>
				<key>sourceTree</key>
				<string>SOURCE_ROOT</string>
			</dict>
			<key>615F46B08DBCE935F69A2AD3</key>
			<dict>
				<key>explicitFileType</key>
				<string>sourcecode.c.h</string>
				<key>fileEncoding</key>
				<string>30</string>
				<key>isa</key>
				<string>PBXFileReference</string>
				<key>name</key>
				<string>cdt.h</string>
				<key>path</key>
				<string>../../../../of_v0.9.8_osx_release/addons/ofx3DFont/libs/poly2tri/sweep/cdt.h</string>
				<key>sourceTree</key>
				<string>SOURCE_ROOT</string>
			</dict>
			<key>31B18B6B34BA4046BBC620BD</key>
			<dict>
				<key>fileRef</key>
				<string>D941AE4FC6D88E917CD244BF</string>
				<key>isa</key>
				<string>PBXBuildFile</string>
			</dict>
			<key>D941AE4FC6D88E917CD244BF</key>
			<dict>
				<key>explicitFileType</key>
				<string>sourcecode.cpp.cpp</string>
				<key>fileEncoding</key>
				<string>30</string>
				<key>isa</key>
				<string>PBXFileReference</string>
				<key>name</key>
				<string>cdt.cc</string>
				<key>path</key>
				<string>../../../../of_v0.9.8_osx_release/addons/ofx3DFont/libs/poly2tri/sweep/cdt.cc</string>
				<key>sourceTree</key>
				<string>SOURCE_ROOT</string>
			</dict>
			<key>5C3DF26C839568423BC8B33F</key>
			<dict>
				<key>explicitFileType</key>
				<string>sourcecode.c.h</string>
				<key>fileEncoding</key>
				<string>30</string>
				<key>isa</key>
				<string>PBXFileReference</string>
				<key>name</key>
				<string>advancing_front.h</string>
				<key>path</key>
				<string>../../../../of_v0.9.8_osx_release/addons/ofx3DFont/libs/poly2tri/sweep/advancing_front.h</string>
				<key>sourceTree</key>
				<string>SOURCE_ROOT</string>
			</dict>
			<key>2BE556EB8EF1CFF247BDB712</key>
			<dict>
				<key>children</key>
				<array>
					<string>7AAAB0538B765927CD67613D</string>
					<string>5C3DF26C839568423BC8B33F</string>
					<string>D941AE4FC6D88E917CD244BF</string>
					<string>615F46B08DBCE935F69A2AD3</string>
					<string>07E21DC59DD1C013C89BCE76</string>
					<string>7B8B37D3A99695475A80AA53</string>
					<string>69CFAC05B27D37FEB5297185</string>
					<string>22CA4388BEC07CA563E473AE</string>
				</array>
				<key>isa</key>
				<string>PBXGroup</string>
				<key>name</key>
				<string>sweep</string>
				<key>sourceTree</key>
				<string>&lt;group&gt;</string>
			</dict>
			<key>2C770FC11FE08018EF82B7E4</key>
			<dict>
				<key>fileRef</key>
				<string>7AAAB0538B765927CD67613D</string>
				<key>isa</key>
				<string>PBXBuildFile</string>
			</dict>
			<key>7AAAB0538B765927CD67613D</key>
			<dict>
				<key>explicitFileType</key>
				<string>sourcecode.cpp.cpp</string>
				<key>fileEncoding</key>
				<string>30</string>
				<key>isa</key>
				<string>PBXFileReference</string>
				<key>name</key>
				<string>advancing_front.cc</string>
				<key>path</key>
				<string>../../../../of_v0.9.8_osx_release/addons/ofx3DFont/libs/poly2tri/sweep/advancing_front.cc</string>
				<key>sourceTree</key>
				<string>SOURCE_ROOT</string>
			</dict>
			<key>E8A4033F86DA2942803EDE62</key>
			<dict>
				<key>explicitFileType</key>
				<string>sourcecode.c.h</string>
				<key>fileEncoding</key>
				<string>30</string>
				<key>isa</key>
				<string>PBXFileReference</string>
				<key>name</key>
				<string>poly2tri.h</string>
				<key>path</key>
				<string>../../../../of_v0.9.8_osx_release/addons/ofx3DFont/libs/poly2tri/poly2tri.h</string>
				<key>sourceTree</key>
				<string>SOURCE_ROOT</string>
			</dict>
			<key>138B443A9A2531357EA0B659</key>
			<dict>
				<key>explicitFileType</key>
				<string>sourcecode.c.h</string>
				<key>fileEncoding</key>
				<string>30</string>
				<key>isa</key>
				<string>PBXFileReference</string>
				<key>name</key>
				<string>utils.h</string>
				<key>path</key>
				<string>../../../../of_v0.9.8_osx_release/addons/ofx3DFont/libs/poly2tri/common/utils.h</string>
				<key>sourceTree</key>
				<string>SOURCE_ROOT</string>
			</dict>
			<key>6D455E0A3C34FEA266AB1483</key>
			<dict>
				<key>explicitFileType</key>
				<string>sourcecode.c.h</string>
				<key>fileEncoding</key>
				<string>30</string>
				<key>isa</key>
				<string>PBXFileReference</string>
				<key>name</key>
				<string>shapes.h</string>
				<key>path</key>
				<string>../../../../of_v0.9.8_osx_release/addons/ofx3DFont/libs/poly2tri/common/shapes.h</string>
				<key>sourceTree</key>
				<string>SOURCE_ROOT</string>
			</dict>
			<key>2763ABACD71E8C52AF61BCCA</key>
			<dict>
				<key>children</key>
				<array>
					<string>5D553E34C52A44F5000182E6</string>
					<string>6D455E0A3C34FEA266AB1483</string>
					<string>138B443A9A2531357EA0B659</string>
				</array>
				<key>isa</key>
				<string>PBXGroup</string>
				<key>name</key>
				<string>common</string>
				<key>sourceTree</key>
				<string>&lt;group&gt;</string>
			</dict>
			<key>3D3C021F054CF4AB71FEAFE0</key>
			<dict>
				<key>children</key>
				<array>
					<string>2763ABACD71E8C52AF61BCCA</string>
					<string>E8A4033F86DA2942803EDE62</string>
					<string>2BE556EB8EF1CFF247BDB712</string>
				</array>
				<key>isa</key>
				<string>PBXGroup</string>
				<key>name</key>
				<string>poly2tri</string>
				<key>sourceTree</key>
				<string>&lt;group&gt;</string>
			</dict>
			<key>4DC23EBB0C801244AA034D83</key>
			<dict>
				<key>children</key>
				<array>
					<string>3D3C021F054CF4AB71FEAFE0</string>
				</array>
				<key>isa</key>
				<string>PBXGroup</string>
				<key>name</key>
				<string>libs</string>
				<key>sourceTree</key>
				<string>&lt;group&gt;</string>
			</dict>
			<key>1DD73D342495B085CC254442</key>
			<dict>
				<key>fileRef</key>
				<string>5D553E34C52A44F5000182E6</string>
				<key>isa</key>
				<string>PBXBuildFile</string>
			</dict>
			<key>5D553E34C52A44F5000182E6</key>
			<dict>
				<key>explicitFileType</key>
				<string>sourcecode.cpp.cpp</string>
				<key>fileEncoding</key>
				<string>30</string>
				<key>isa</key>
				<string>PBXFileReference</string>
				<key>name</key>
				<string>shapes.cc</string>
				<key>path</key>
				<string>../../../../of_v0.9.8_osx_release/addons/ofx3DFont/libs/poly2tri/common/shapes.cc</string>
				<key>sourceTree</key>
				<string>SOURCE_ROOT</string>
			</dict>
			<key>6CA512787DB4FB1906D36986</key>
			<dict>
				<key>explicitFileType</key>
				<string>sourcecode.c.h</string>
				<key>fileEncoding</key>
				<string>30</string>
				<key>isa</key>
				<string>PBXFileReference</string>
				<key>name</key>
				<string>ofxMeshHelper.h</string>
				<key>path</key>
				<string>../../../../of_v0.9.8_osx_release/addons/ofx3DFont/src/ofxMeshHelper.h</string>
				<key>sourceTree</key>
				<string>SOURCE_ROOT</string>
			</dict>
			<key>5A158B252074776B45614731</key>
			<dict>
				<key>fileRef</key>
				<string>E1F506DE1A60B868FAE83417</string>
				<key>isa</key>
				<string>PBXBuildFile</string>
			</dict>
			<key>E1F506DE1A60B868FAE83417</key>
			<dict>
				<key>explicitFileType</key>
				<string>sourcecode.cpp.cpp</string>
				<key>fileEncoding</key>
				<string>30</string>
				<key>isa</key>
				<string>PBXFileReference</string>
				<key>name</key>
				<string>ofxMeshHelper.cpp</string>
				<key>path</key>
				<string>../../../../of_v0.9.8_osx_release/addons/ofx3DFont/src/ofxMeshHelper.cpp</string>
				<key>sourceTree</key>
				<string>SOURCE_ROOT</string>
			</dict>
			<key>91785016A5D0DC728BD17F18</key>
			<dict>
				<key>explicitFileType</key>
				<string>sourcecode.c.h</string>
				<key>fileEncoding</key>
				<string>30</string>
				<key>isa</key>
				<string>PBXFileReference</string>
				<key>name</key>
				<string>ofx3DFont.h</string>
				<key>path</key>
				<string>../../../../of_v0.9.8_osx_release/addons/ofx3DFont/src/ofx3DFont.h</string>
				<key>sourceTree</key>
				<string>SOURCE_ROOT</string>
			</dict>
			<key>76DF4688C653B520123E625D</key>
			<dict>
				<key>children</key>
				<array>
					<string>C1B39D9E9813900DFF444817</string>
					<string>91785016A5D0DC728BD17F18</string>
					<string>E1F506DE1A60B868FAE83417</string>
					<string>6CA512787DB4FB1906D36986</string>
				</array>
				<key>isa</key>
				<string>PBXGroup</string>
				<key>name</key>
				<string>src</string>
				<key>sourceTree</key>
				<string>&lt;group&gt;</string>
			</dict>
			<key>FDD7F1D31FA68A0945715B95</key>
			<dict>
				<key>children</key>
				<array>
					<string>76DF4688C653B520123E625D</string>
					<string>4DC23EBB0C801244AA034D83</string>
				</array>
				<key>isa</key>
				<string>PBXGroup</string>
				<key>name</key>
				<string>ofx3DFont</string>
				<key>sourceTree</key>
				<string>&lt;group&gt;</string>
			</dict>
			<key>DC63F6EB4647260759BC6620</key>
			<dict>
				<key>fileRef</key>
				<string>C1B39D9E9813900DFF444817</string>
				<key>isa</key>
				<string>PBXBuildFile</string>
			</dict>
			<key>C1B39D9E9813900DFF444817</key>
			<dict>
				<key>explicitFileType</key>
				<string>sourcecode.cpp.cpp</string>
				<key>fileEncoding</key>
				<string>30</string>
				<key>isa</key>
				<string>PBXFileReference</string>
				<key>name</key>
				<string>ofx3DFont.cpp</string>
				<key>path</key>
				<string>../../../../of_v0.9.8_osx_release/addons/ofx3DFont/src/ofx3DFont.cpp</string>
				<key>sourceTree</key>
				<string>SOURCE_ROOT</string>
			</dict>
			<key>6948EE371B920CB800B5AC1A</key>
			<dict>
				<key>children</key>
				<array />
				<key>isa</key>
				<string>PBXGroup</string>
				<key>name</key>
				<string>local_addons</string>
				<key>sourceTree</key>
				<string>&lt;group&gt;</string>
			</dict>
			<key>BB4B014C10F69532006C3DED</key>
			<dict>
				<key>children</key>
				<array>
					<string>FDD7F1D31FA68A0945715B95</string>
					<string>480A780D8D0308AE4A368801</string>
					<string>F58787ADB2CBE3635F03EF40</string>
					<string>08F0DBE627E14F259267379F</string>
				</array>
				<key>isa</key>
				<string>PBXGroup</string>
				<key>name</key>
				<string>addons</string>
				<key>sourceTree</key>
				<string>&lt;group&gt;</string>
			</dict>
			<key>E4328143138ABC890047C5CB</key>
			<dict>
				<key>isa</key>
				<string>PBXFileReference</string>
				<key>lastKnownFileType</key>
				<string>wrapper.pb-project</string>
				<key>name</key>
				<string>openFrameworksLib.xcodeproj</string>
				<key>path</key>
				<string>../../../../of_v0.9.8_osx_release/libs/openFrameworksCompiled/project/osx/openFrameworksLib.xcodeproj</string>
				<key>sourceTree</key>
				<string>SOURCE_ROOT</string>
			</dict>
			<key>E4328144138ABC890047C5CB</key>
			<dict>
				<key>children</key>
				<array>
					<string>E4328148138ABC890047C5CB</string>
				</array>
				<key>isa</key>
				<string>PBXGroup</string>
				<key>name</key>
				<string>Products</string>
				<key>sourceTree</key>
				<string>&lt;group&gt;</string>
			</dict>
			<key>E4328147138ABC890047C5CB</key>
			<dict>
				<key>containerPortal</key>
				<string>E4328143138ABC890047C5CB</string>
				<key>isa</key>
				<string>PBXContainerItemProxy</string>
				<key>proxyType</key>
				<string>2</string>
				<key>remoteGlobalIDString</key>
				<string>E4B27C1510CBEB8E00536013</string>
				<key>remoteInfo</key>
				<string>openFrameworks</string>
			</dict>
			<key>E4328148138ABC890047C5CB</key>
			<dict>
				<key>fileType</key>
				<string>archive.ar</string>
				<key>isa</key>
				<string>PBXReferenceProxy</string>
				<key>path</key>
				<string>openFrameworksDebug.a</string>
				<key>remoteRef</key>
				<string>E4328147138ABC890047C5CB</string>
				<key>sourceTree</key>
				<string>BUILT_PRODUCTS_DIR</string>
			</dict>
			<key>E4328149138ABC9F0047C5CB</key>
			<dict>
				<key>fileRef</key>
				<string>E4328148138ABC890047C5CB</string>
				<key>isa</key>
				<string>PBXBuildFile</string>
			</dict>
			<key>E4B69B4A0A3A1720003C02F2</key>
			<dict>
				<key>children</key>
				<array>
					<string>E4B6FCAD0C3E899E008CF71C</string>
					<string>E4EB6923138AFD0F00A09F29</string>
					<string>E4B69E1C0A3A1BDC003C02F2</string>
					<string>E4EEC9E9138DF44700A80321</string>
					<string>BB4B014C10F69532006C3DED</string>
					<string>6948EE371B920CB800B5AC1A</string>
					<string>E4B69B5B0A3A1756003C02F2</string>
				</array>
				<key>isa</key>
				<string>PBXGroup</string>
				<key>sourceTree</key>
				<string>&lt;group&gt;</string>
			</dict>
			<key>E4B69B4C0A3A1720003C02F2</key>
			<dict>
				<key>attributes</key>
				<dict>
					<key>LastUpgradeCheck</key>
					<string>0600</string>
				</dict>
				<key>buildConfigurationList</key>
				<string>E4B69B4D0A3A1720003C02F2</string>
				<key>compatibilityVersion</key>
				<string>Xcode 3.2</string>
				<key>developmentRegion</key>
				<string>English</string>
				<key>hasScannedForEncodings</key>
				<string>0</string>
				<key>isa</key>
				<string>PBXProject</string>
				<key>knownRegions</key>
				<array>
					<string>English</string>
					<string>Japanese</string>
					<string>French</string>
					<string>German</string>
				</array>
				<key>mainGroup</key>
				<string>E4B69B4A0A3A1720003C02F2</string>
				<key>productRefGroup</key>
				<string>E4B69B4A0A3A1720003C02F2</string>
				<key>projectDirPath</key>
				<string />
				<key>projectReferences</key>
				<array>
					<dict>
						<key>ProductGroup</key>
						<string>E4328144138ABC890047C5CB</string>
						<key>ProjectRef</key>
						<string>E4328143138ABC890047C5CB</string>
					</dict>
				</array>
				<key>projectRoot</key>
				<string />
				<key>targets</key>
				<array>
					<string>E4B69B5A0A3A1756003C02F2</string>
				</array>
			</dict>
			<key>E4B69B4D0A3A1720003C02F2</key>
			<dict>
				<key>buildConfigurations</key>
				<array>
					<string>E4B69B4E0A3A1720003C02F2</string>
					<string>E4B69B4F0A3A1720003C02F2</string>
				</array>
				<key>defaultConfigurationIsVisible</key>
				<string>0</string>
				<key>defaultConfigurationName</key>
				<string>Release</string>
				<key>isa</key>
				<string>XCConfigurationList</string>
			</dict>
			<key>E4B69B4E0A3A1720003C02F2</key>
			<dict>
				<key>baseConfigurationReference</key>
				<string>E4EB6923138AFD0F00A09F29</string>
				<key>buildSettings</key>
				<dict>
					<key>OTHER_LDFLAGS</key>
					<array>
						<string>$(OF_CORE_FRAMEWORKS) $(OF_CORE_LIBS)</string>
						<string>../../../../of_v0.9.8_osx_release/addons/ofxTrueTypeFontUL2/libs/harfbuzz/lib/osx/libharfbuzz.a</string>
					</array>
					<key>HEADER_SEARCH_PATHS</key>
					<array>
						<string>$(OF_CORE_HEADERS)</string>
						<string>src</string>
						<string>../../../../of_v0.9.8_osx_release/addons/ofx3DFont/libs</string>
						<string>../../../../of_v0.9.8_osx_release/addons/ofx3DFont/libs/poly2tri</string>
						<string>../../../../of_v0.9.8_osx_release/addons/ofx3DFont/libs/poly2tri/common</string>
						<string>../../../../of_v0.9.8_osx_release/addons/ofx3DFont/libs/poly2tri/sweep</string>
						<string>../../../../of_v0.9.8_osx_release/addons/ofx3DFont/src</string>
						<string>../../../../of_v0.9.8_osx_release/addons/ofxGui/src</string>
						<string>../../../../of_v0.9.8_osx_release/addons/ofxImageSequence/src</string>
						<string>../../../../of_v0.9.8_osx_release/addons/ofxTrueTypeFontUL2/libs</string>
						<string>../../../../of_v0.9.8_osx_release/addons/ofxTrueTypeFontUL2/libs/harfbuzz</string>
						<string>../../../../of_v0.9.8_osx_release/addons/ofxTrueTypeFontUL2/libs/harfbuzz/include</string>
						<string>../../../../of_v0.9.8_osx_release/addons/ofxTrueTypeFontUL2/libs/harfbuzz/lib</string>
						<string>../../../../of_v0.9.8_osx_release/addons/ofxTrueTypeFontUL2/libs/harfbuzz/lib/osx</string>
						<string>../../../../of_v0.9.8_osx_release/addons/ofxTrueTypeFontUL2/src</string>
					</array>
					<key>CONFIGURATION_BUILD_DIR</key>
					<string>$(SRCROOT)/bin/</string>
					<key>COPY_PHASE_STRIP</key>
					<string>NO</string>
					<key>DEAD_CODE_STRIPPING</key>
					<string>YES</string>
					<key>GCC_AUTO_VECTORIZATION</key>
					<string>YES</string>
					<key>GCC_ENABLE_SSE3_EXTENSIONS</key>
					<string>YES</string>
					<key>GCC_ENABLE_SUPPLEMENTAL_SSE3_INSTRUCTIONS</key>
					<string>YES</string>
					<key>GCC_INLINES_ARE_PRIVATE_EXTERN</key>
					<string>NO</string>
					<key>GCC_OPTIMIZATION_LEVEL</key>
					<string>0</string>
					<key>GCC_SYMBOLS_PRIVATE_EXTERN</key>
					<string>NO</string>
					<key>GCC_WARN_ABOUT_DEPRECATED_FUNCTIONS</key>
					<string>YES</string>
					<key>GCC_WARN_ABOUT_INVALID_OFFSETOF_MACRO</key>
					<string>NO</string>
					<key>GCC_WARN_ALLOW_INCOMPLETE_PROTOCOL</key>
					<string>NO</string>
					<key>GCC_WARN_UNINITIALIZED_AUTOS</key>
					<string>NO</string>
					<key>GCC_WARN_UNUSED_VALUE</key>
					<string>NO</string>
					<key>GCC_WARN_UNUSED_VARIABLE</key>
					<string>NO</string>
					<key>MACOSX_DEPLOYMENT_TARGET</key>
					<string>10.8</string>
					<key>ONLY_ACTIVE_ARCH</key>
					<string>YES</string>
					<key>OTHER_CPLUSPLUSFLAGS</key>
					<array>
						<string>-D__MACOSX_CORE__</string>
						<string>-mtune=native</string>
					</array>
					<key>SDKROOT</key>
					<string>macosx</string>
				</dict>
				<key>isa</key>
				<string>XCBuildConfiguration</string>
				<key>name</key>
				<string>Debug</string>
			</dict>
			<key>E4B69B4F0A3A1720003C02F2</key>
			<dict>
				<key>baseConfigurationReference</key>
				<string>E4EB6923138AFD0F00A09F29</string>
				<key>buildSettings</key>
				<dict>
					<key>OTHER_LDFLAGS</key>
					<array>
						<string>$(OF_CORE_FRAMEWORKS) $(OF_CORE_LIBS)</string>
						<string>../../../../of_v0.9.8_osx_release/addons/ofxTrueTypeFontUL2/libs/harfbuzz/lib/osx/libharfbuzz.a</string>
					</array>
					<key>HEADER_SEARCH_PATHS</key>
					<array>
						<string>$(OF_CORE_HEADERS)</string>
						<string>src</string>
						<string>../../../../of_v0.9.8_osx_release/addons/ofx3DFont/libs</string>
						<string>../../../../of_v0.9.8_osx_release/addons/ofx3DFont/libs/poly2tri</string>
						<string>../../../../of_v0.9.8_osx_release/addons/ofx3DFont/libs/poly2tri/common</string>
						<string>../../../../of_v0.9.8_osx_release/addons/ofx3DFont/libs/poly2tri/sweep</string>
						<string>../../../../of_v0.9.8_osx_release/addons/ofx3DFont/src</string>
						<string>../../../../of_v0.9.8_osx_release/addons/ofxGui/src</string>
						<string>../../../../of_v0.9.8_osx_release/addons/ofxImageSequence/src</string>
						<string>../../../../of_v0.9.8_osx_release/addons/ofxTrueTypeFontUL2/libs</string>
						<string>../../../../of_v0.9.8_osx_release/addons/ofxTrueTypeFontUL2/libs/harfbuzz</string>
						<string>../../../../of_v0.9.8_osx_release/addons/ofxTrueTypeFontUL2/libs/harfbuzz/include</string>
						<string>../../../../of_v0.9.8_osx_release/addons/ofxTrueTypeFontUL2/libs/harfbuzz/lib</string>
						<string>../../../../of_v0.9.8_osx_release/addons/ofxTrueTypeFontUL2/libs/harfbuzz/lib/osx</string>
						<string>../../../../of_v0.9.8_osx_release/addons/ofxTrueTypeFontUL2/src</string>
					</array>
					<key>CONFIGURATION_BUILD_DIR</key>
					<string>$(SRCROOT)/bin/</string>
					<key>COPY_PHASE_STRIP</key>
					<string>YES</string>
					<key>DEAD_CODE_STRIPPING</key>
					<string>YES</string>
					<key>GCC_AUTO_VECTORIZATION</key>
					<string>YES</string>
					<key>GCC_ENABLE_SSE3_EXTENSIONS</key>
					<string>YES</string>
					<key>GCC_ENABLE_SUPPLEMENTAL_SSE3_INSTRUCTIONS</key>
					<string>YES</string>
					<key>GCC_INLINES_ARE_PRIVATE_EXTERN</key>
					<string>NO</string>
					<key>GCC_OPTIMIZATION_LEVEL</key>
					<string>3</string>
					<key>GCC_SYMBOLS_PRIVATE_EXTERN</key>
					<string>NO</string>
					<key>GCC_UNROLL_LOOPS</key>
					<string>YES</string>
					<key>GCC_WARN_ABOUT_DEPRECATED_FUNCTIONS</key>
					<string>YES</string>
					<key>GCC_WARN_ABOUT_INVALID_OFFSETOF_MACRO</key>
					<string>NO</string>
					<key>GCC_WARN_ALLOW_INCOMPLETE_PROTOCOL</key>
					<string>NO</string>
					<key>GCC_WARN_UNINITIALIZED_AUTOS</key>
					<string>NO</string>
					<key>GCC_WARN_UNUSED_VALUE</key>
					<string>NO</string>
					<key>GCC_WARN_UNUSED_VARIABLE</key>
					<string>NO</string>
					<key>MACOSX_DEPLOYMENT_TARGET</key>
					<string>10.8</string>
					<key>OTHER_CPLUSPLUSFLAGS</key>
					<array>
						<string>-D__MACOSX_CORE__</string>
						<string>-mtune=native</string>
					</array>
					<key>SDKROOT</key>
					<string>macosx</string>
				</dict>
				<key>isa</key>
				<string>XCBuildConfiguration</string>
				<key>name</key>
				<string>Release</string>
			</dict>
			<key>E4B69B580A3A1756003C02F2</key>
			<dict>
				<key>buildActionMask</key>
				<string>2147483647</string>
				<key>files</key>
				<array>
					<string>E4B69E200A3A1BDC003C02F2</string>
					<string>E4B69E210A3A1BDC003C02F2</string>
					<string>DC63F6EB4647260759BC6620</string>
					<string>5A158B252074776B45614731</string>
					<string>1DD73D342495B085CC254442</string>
					<string>2C770FC11FE08018EF82B7E4</string>
					<string>31B18B6B34BA4046BBC620BD</string>
					<string>18F2EA90DFDB8D8D01A75D2D</string>
					<string>B24400E70AB4DBF7ED9870CA</string>
					<string>D6A39F2B6D22DDEACAC26A21</string>
					<string>26C918A18749F3343BAE189D</string>
					<string>B099E021F31864C38C1A79AF</string>
					<string>B33CD1315CC6C05197584435</string>
					<string>E0788DAB1979A724D741A861</string>
					<string>F4A3A7E565388C16136138B9</string>
					<string>A666114E6FC02999817B931F</string>
					<string>5F131AC1F6EF4A345D808FB5</string>
					<string>8DC263E314EF9BB4D168267F</string>
					<string>CB76A991D1D5C0AAC2E2587D</string>
				</array>
				<key>isa</key>
				<string>PBXSourcesBuildPhase</string>
				<key>runOnlyForDeploymentPostprocessing</key>
				<string>0</string>
			</dict>
			<key>E4B69B590A3A1756003C02F2</key>
			<dict>
				<key>buildActionMask</key>
				<string>2147483647</string>
				<key>files</key>
				<array>
					<string>E4328149138ABC9F0047C5CB</string>
				</array>
				<key>isa</key>
				<string>PBXFrameworksBuildPhase</string>
				<key>runOnlyForDeploymentPostprocessing</key>
				<string>0</string>
			</dict>
			<key>E4B69B5A0A3A1756003C02F2</key>
			<dict>
				<key>buildConfigurationList</key>
				<string>E4B69B5F0A3A1757003C02F2</string>
				<key>buildPhases</key>
				<array>
					<string>E4B69B580A3A1756003C02F2</string>
					<string>E4B69B590A3A1756003C02F2</string>
					<string>E4B6FFFD0C3F9AB9008CF71C</string>
					<string>E4C2427710CC5ABF004149E2</string>
				</array>
				<key>buildRules</key>
				<array />
				<key>dependencies</key>
				<array>
					<string>E4EEB9AC138B136A00A80321</string>
				</array>
				<key>isa</key>
				<string>PBXNativeTarget</string>
				<key>name</key>
				<string>ofAppRugLife</string>
				<key>productName</key>
				<string>myOFApp</string>
				<key>productReference</key>
				<string>E4B69B5B0A3A1756003C02F2</string>
				<key>productType</key>
				<string>com.apple.product-type.application</string>
			</dict>
			<key>E4B69B5B0A3A1756003C02F2</key>
			<dict>
				<key>explicitFileType</key>
				<string>wrapper.application</string>
				<key>includeInIndex</key>
				<string>0</string>
				<key>isa</key>
				<string>PBXFileReference</string>
				<key>path</key>
				<string>ofAppRugLifeDebug.app</string>
				<key>sourceTree</key>
				<string>BUILT_PRODUCTS_DIR</string>
			</dict>
			<key>E4B69B5F0A3A1757003C02F2</key>
			<dict>
				<key>buildConfigurations</key>
				<array>
					<string>E4B69B600A3A1757003C02F2</string>
					<string>E4B69B610A3A1757003C02F2</string>
				</array>
				<key>defaultConfigurationIsVisible</key>
				<string>0</string>
				<key>defaultConfigurationName</key>
				<string>Release</string>
				<key>isa</key>
				<string>XCConfigurationList</string>
			</dict>
			<key>E4B69B600A3A1757003C02F2</key>
			<dict>
				<key>baseConfigurationReference</key>
				<string>E4EB6923138AFD0F00A09F29</string>
				<key>buildSettings</key>
				<dict>
					<key>OTHER_LDFLAGS</key>
					<array>
						<string>$(OF_CORE_FRAMEWORKS) $(OF_CORE_LIBS)</string>
						<string>../../../../of_v0.9.8_osx_release/addons/ofxTrueTypeFontUL2/libs/harfbuzz/lib/osx/libharfbuzz.a</string>
					</array>
					<key>HEADER_SEARCH_PATHS</key>
					<array>
						<string>$(OF_CORE_HEADERS)</string>
						<string>src</string>
						<string>../../../../of_v0.9.8_osx_release/addons/ofx3DFont/libs</string>
						<string>../../../../of_v0.9.8_osx_release/addons/ofx3DFont/libs/poly2tri</string>
						<string>../../../../of_v0.9.8_osx_release/addons/ofx3DFont/libs/poly2tri/common</string>
						<string>../../../../of_v0.9.8_osx_release/addons/ofx3DFont/libs/poly2tri/sweep</string>
						<string>../../../../of_v0.9.8_osx_release/addons/ofx3DFont/src</string>
						<string>../../../../of_v0.9.8_osx_release/addons/ofxGui/src</string>
						<string>../../../../of_v0.9.8_osx_release/addons/ofxImageSequence/src</string>
						<string>../../../../of_v0.9.8_osx_release/addons/ofxTrueTypeFontUL2/libs</string>
						<string>../../../../of_v0.9.8_osx_release/addons/ofxTrueTypeFontUL2/libs/harfbuzz</string>
						<string>../../../../of_v0.9.8_osx_release/addons/ofxTrueTypeFontUL2/libs/harfbuzz/include</string>
						<string>../../../../of_v0.9.8_osx_release/addons/ofxTrueTypeFontUL2/libs/harfbuzz/lib</string>
						<string>../../../../of_v0.9.8_osx_release/addons/ofxTrueTypeFontUL2/libs/harfbuzz/lib/osx</string>
						<string>../../../../of_v0.9.8_osx_release/addons/ofxTrueTypeFontUL2/src</string>
					</array>
					<key>COMBINE_HIDPI_IMAGES</key>
					<string>YES</string>
					<key>COPY_PHASE_STRIP</key>
					<string>NO</string>
					<key>FRAMEWORK_SEARCH_PATHS</key>
					<array>
						<string>$(inherited)</string>
						<string>$(FRAMEWORK_SEARCH_PATHS_QUOTED_FOR_TARGET_1)</string>
					</array>
					<key>FRAMEWORK_SEARCH_PATHS_QUOTED_FOR_TARGET_1</key>
					<string>"$(SRCROOT)/../../../../of_v0.9.8_osx_release/libs/glut/lib/osx"</string>
					<key>GCC_DYNAMIC_NO_PIC</key>
					<string>NO</string>
					<key>GCC_GENERATE_DEBUGGING_SYMBOLS</key>
					<string>YES</string>
					<key>GCC_MODEL_TUNING</key>
					<string>NONE</string>
					<key>ICON</key>
					<string>$(ICON_NAME_DEBUG)</string>
					<key>ICON_FILE</key>
					<string>$(ICON_FILE_PATH)$(ICON)</string>
					<key>INFOPLIST_FILE</key>
					<string>openFrameworks-Info.plist</string>
					<key>INSTALL_PATH</key>
					<string>/Applications</string>
					<key>LIBRARY_SEARCH_PATHS</key>
					<string>$(inherited)</string>
					<key>PRODUCT_NAME</key>
					<string>$(TARGET_NAME)Debug</string>
					<key>WRAPPER_EXTENSION</key>
					<string>app</string>
				</dict>
				<key>isa</key>
				<string>XCBuildConfiguration</string>
				<key>name</key>
				<string>Debug</string>
			</dict>
			<key>E4B69B610A3A1757003C02F2</key>
			<dict>
				<key>baseConfigurationReference</key>
				<string>E4EB6923138AFD0F00A09F29</string>
				<key>buildSettings</key>
				<dict>
					<key>OTHER_LDFLAGS</key>
					<array>
						<string>$(OF_CORE_FRAMEWORKS) $(OF_CORE_LIBS)</string>
						<string>../../../../of_v0.9.8_osx_release/addons/ofxTrueTypeFontUL2/libs/harfbuzz/lib/osx/libharfbuzz.a</string>
					</array>
					<key>HEADER_SEARCH_PATHS</key>
					<array>
						<string>$(OF_CORE_HEADERS)</string>
						<string>src</string>
						<string>../../../../of_v0.9.8_osx_release/addons/ofx3DFont/libs</string>
						<string>../../../../of_v0.9.8_osx_release/addons/ofx3DFont/libs/poly2tri</string>
						<string>../../../../of_v0.9.8_osx_release/addons/ofx3DFont/libs/poly2tri/common</string>
						<string>../../../../of_v0.9.8_osx_release/addons/ofx3DFont/libs/poly2tri/sweep</string>
						<string>../../../../of_v0.9.8_osx_release/addons/ofx3DFont/src</string>
						<string>../../../../of_v0.9.8_osx_release/addons/ofxGui/src</string>
						<string>../../../../of_v0.9.8_osx_release/addons/ofxImageSequence/src</string>
						<string>../../../../of_v0.9.8_osx_release/addons/ofxTrueTypeFontUL2/libs</string>
						<string>../../../../of_v0.9.8_osx_release/addons/ofxTrueTypeFontUL2/libs/harfbuzz</string>
						<string>../../../../of_v0.9.8_osx_release/addons/ofxTrueTypeFontUL2/libs/harfbuzz/include</string>
						<string>../../../../of_v0.9.8_osx_release/addons/ofxTrueTypeFontUL2/libs/harfbuzz/lib</string>
						<string>../../../../of_v0.9.8_osx_release/addons/ofxTrueTypeFontUL2/libs/harfbuzz/lib/osx</string>
						<string>../../../../of_v0.9.8_osx_release/addons/ofxTrueTypeFontUL2/src</string>
					</array>
					<key>COMBINE_HIDPI_IMAGES</key>
					<string>YES</string>
					<key>COPY_PHASE_STRIP</key>
					<string>YES</string>
					<key>FRAMEWORK_SEARCH_PATHS</key>
					<array>
						<string>$(inherited)</string>
						<string>$(FRAMEWORK_SEARCH_PATHS_QUOTED_FOR_TARGET_1)</string>
					</array>
					<key>FRAMEWORK_SEARCH_PATHS_QUOTED_FOR_TARGET_1</key>
					<string>"$(SRCROOT)/../../../../of_v0.9.8_osx_release/libs/glut/lib/osx"</string>
					<key>GCC_GENERATE_DEBUGGING_SYMBOLS</key>
					<string>YES</string>
					<key>GCC_MODEL_TUNING</key>
					<string>NONE</string>
					<key>ICON</key>
					<string>$(ICON_NAME_RELEASE)</string>
					<key>ICON_FILE</key>
					<string>$(ICON_FILE_PATH)$(ICON)</string>
					<key>INFOPLIST_FILE</key>
					<string>openFrameworks-Info.plist</string>
					<key>INSTALL_PATH</key>
					<string>/Applications</string>
					<key>LIBRARY_SEARCH_PATHS</key>
					<string>$(inherited)</string>
					<key>PRODUCT_NAME</key>
					<string>$(TARGET_NAME)</string>
					<key>WRAPPER_EXTENSION</key>
					<string>app</string>
					<key>baseConfigurationReference</key>
					<string>E4EB6923138AFD0F00A09F29</string>
				</dict>
				<key>isa</key>
				<string>XCBuildConfiguration</string>
				<key>name</key>
				<string>Release</string>
			</dict>
			<key>E4B69E1C0A3A1BDC003C02F2</key>
			<dict>
				<key>children</key>
				<array>
					<string>E4B69E1D0A3A1BDC003C02F2</string>
					<string>E4B69E1E0A3A1BDC003C02F2</string>
					<string>E4B69E1F0A3A1BDC003C02F2</string>
				</array>
				<key>isa</key>
				<string>PBXGroup</string>
				<key>path</key>
				<string>src</string>
				<key>sourceTree</key>
				<string>SOURCE_ROOT</string>
			</dict>
			<key>E4B69E1D0A3A1BDC003C02F2</key>
			<dict>
				<key>fileEncoding</key>
				<string>30</string>
				<key>isa</key>
				<string>PBXFileReference</string>
				<key>lastKnownFileType</key>
				<string>sourcecode.cpp.cpp</string>
				<key>name</key>
				<string>main.cpp</string>
				<key>path</key>
				<string>src/main.cpp</string>
				<key>sourceTree</key>
				<string>SOURCE_ROOT</string>
			</dict>
			<key>E4B69E1E0A3A1BDC003C02F2</key>
			<dict>
				<key>explicitFileType</key>
				<string>sourcecode.cpp.cpp</string>
				<key>fileEncoding</key>
				<string>30</string>
				<key>isa</key>
				<string>PBXFileReference</string>
				<key>name</key>
				<string>ofApp.cpp</string>
				<key>path</key>
				<string>src/ofApp.cpp</string>
				<key>sourceTree</key>
				<string>SOURCE_ROOT</string>
			</dict>
			<key>E4B69E1F0A3A1BDC003C02F2</key>
			<dict>
				<key>fileEncoding</key>
				<string>30</string>
				<key>isa</key>
				<string>PBXFileReference</string>
				<key>lastKnownFileType</key>
				<string>sourcecode.c.h</string>
				<key>name</key>
				<string>ofApp.h</string>
				<key>path</key>
				<string>src/ofApp.h</string>
				<key>sourceTree</key>
				<string>SOURCE_ROOT</string>
			</dict>
			<key>E4B69E200A3A1BDC003C02F2</key>
			<dict>
				<key>fileRef</key>
				<string>E4B69E1D0A3A1BDC003C02F2</string>
				<key>isa</key>
				<string>PBXBuildFile</string>
			</dict>
			<key>E4B69E210A3A1BDC003C02F2</key>
			<dict>
				<key>fileRef</key>
				<string>E4B69E1E0A3A1BDC003C02F2</string>
				<key>isa</key>
				<string>PBXBuildFile</string>
			</dict>
			<key>E4B6FCAD0C3E899E008CF71C</key>
			<dict>
				<key>fileEncoding</key>
				<string>30</string>
				<key>isa</key>
				<string>PBXFileReference</string>
				<key>lastKnownFileType</key>
				<string>text.plist.xml</string>
				<key>path</key>
				<string>openFrameworks-Info.plist</string>
				<key>sourceTree</key>
				<string>&lt;group&gt;</string>
			</dict>
			<key>E4B6FFFD0C3F9AB9008CF71C</key>
			<dict>
				<key>buildActionMask</key>
				<string>2147483647</string>
				<key>files</key>
				<array />
				<key>inputPaths</key>
				<array />
				<key>isa</key>
				<string>PBXShellScriptBuildPhase</string>
				<key>outputPaths</key>
				<array />
				<key>runOnlyForDeploymentPostprocessing</key>
				<string>0</string>
				<key>shellPath</key>
				<string>/bin/sh</string>
				<key>shellScript</key>
				<string>mkdir -p "$TARGET_BUILD_DIR/$PRODUCT_NAME.app/Contents/Resources/"
# Copy default icon file into App/Resources
rsync -aved "$ICON_FILE" "$TARGET_BUILD_DIR/$PRODUCT_NAME.app/Contents/Resources/"
# Copy libfmod and change install directory for fmod to run
rsync -aved ../../../../of_v0.9.8_osx_release/libs/fmodex/lib/osx/libfmodex.dylib "$TARGET_BUILD_DIR/$PRODUCT_NAME.app/Contents/Frameworks/";
install_name_tool -change @executable_path/libfmodex.dylib @executable_path/../Frameworks/libfmodex.dylib "$TARGET_BUILD_DIR/$PRODUCT_NAME.app/Contents/MacOS/$PRODUCT_NAME";
# Copy GLUT framework (must remove for AppStore submissions)
rsync -aved ../../../../of_v0.9.8_osx_release/libs/glut/lib/osx/GLUT.framework "$TARGET_BUILD_DIR/$PRODUCT_NAME.app/Contents/Frameworks/"
</string>
			</dict>
			<key>E4C2427710CC5ABF004149E2</key>
			<dict>
				<key>buildActionMask</key>
				<string>2147483647</string>
				<key>dstPath</key>
				<string />
				<key>dstSubfolderSpec</key>
				<string>10</string>
				<key>files</key>
				<array />
				<key>isa</key>
				<string>PBXCopyFilesBuildPhase</string>
				<key>runOnlyForDeploymentPostprocessing</key>
				<string>0</string>
			</dict>
			<key>E4EB691F138AFCF100A09F29</key>
			<dict>
				<key>fileEncoding</key>
				<string>4</string>
				<key>isa</key>
				<string>PBXFileReference</string>
				<key>lastKnownFileType</key>
				<string>text.xcconfig</string>
				<key>name</key>
				<string>CoreOF.xcconfig</string>
				<key>path</key>
				<string>../../../../of_v0.9.8_osx_release/libs/openFrameworksCompiled/project/osx/CoreOF.xcconfig</string>
				<key>sourceTree</key>
				<string>SOURCE_ROOT</string>
			</dict>
			<key>E4EB6923138AFD0F00A09F29</key>
			<dict>
				<key>fileEncoding</key>
				<string>4</string>
				<key>isa</key>
				<string>PBXFileReference</string>
				<key>lastKnownFileType</key>
				<string>text.xcconfig</string>
				<key>path</key>
				<string>Project.xcconfig</string>
				<key>sourceTree</key>
				<string>&lt;group&gt;</string>
			</dict>
			<key>E4EEB9AB138B136A00A80321</key>
			<dict>
				<key>containerPortal</key>
				<string>E4328143138ABC890047C5CB</string>
				<key>isa</key>
				<string>PBXContainerItemProxy</string>
				<key>proxyType</key>
				<string>1</string>
				<key>remoteGlobalIDString</key>
				<string>E4B27C1410CBEB8E00536013</string>
				<key>remoteInfo</key>
				<string>openFrameworks</string>
			</dict>
			<key>E4EEB9AC138B136A00A80321</key>
			<dict>
				<key>isa</key>
				<string>PBXTargetDependency</string>
				<key>name</key>
				<string>openFrameworks</string>
				<key>targetProxy</key>
				<string>E4EEB9AB138B136A00A80321</string>
			</dict>
			<key>E4EEC9E9138DF44700A80321</key>
			<dict>
				<key>children</key>
				<array>
					<string>E4EB691F138AFCF100A09F29</string>
					<string>E4328143138ABC890047C5CB</string>
				</array>
				<key>isa</key>
				<string>PBXGroup</string>
				<key>name</key>
				<string>openFrameworks</string>
				<key>sourceTree</key>
				<string>&lt;group&gt;</string>
			</dict>
		</dict>
		<key>rootObject</key>
		<string>E4B69B4C0A3A1720003C02F2</string>
	</dict>
</plist>
